// !$*UTF8*$!
{
	archiveVersion = 1;
	classes = {
	};
	objectVersion = 55;
	objects = {

/* Begin PBXBuildFile section */
		228BC58A282EEC0900CE2307 /* AppDelegate.swift in Sources */ = {isa = PBXBuildFile; fileRef = 228BC589282EEC0900CE2307 /* AppDelegate.swift */; };
		228BC58C282EEC0900CE2307 /* SceneDelegate.swift in Sources */ = {isa = PBXBuildFile; fileRef = 228BC58B282EEC0900CE2307 /* SceneDelegate.swift */; };
		228BC58E282EEC0900CE2307 /* ViewController.swift in Sources */ = {isa = PBXBuildFile; fileRef = 228BC58D282EEC0900CE2307 /* ViewController.swift */; };
		228BC5A1282EEC0D00CE2307 /* WellTVTests.swift in Sources */ = {isa = PBXBuildFile; fileRef = 228BC5A0282EEC0D00CE2307 /* WellTVTests.swift */; };
		228BC5AB282EEC0D00CE2307 /* WellTVUITests.swift in Sources */ = {isa = PBXBuildFile; fileRef = 228BC5AA282EEC0D00CE2307 /* WellTVUITests.swift */; };
		228BC5AD282EEC0D00CE2307 /* WellTVUITestsLaunchTests.swift in Sources */ = {isa = PBXBuildFile; fileRef = 228BC5AC282EEC0D00CE2307 /* WellTVUITestsLaunchTests.swift */; };
		228BC61C282EECD800CE2307 /* LoadingCell.xib in Resources */ = {isa = PBXBuildFile; fileRef = 228BC5BE282EECD800CE2307 /* LoadingCell.xib */; };
		228BC61D282EECD800CE2307 /* LoadingSection.swift in Sources */ = {isa = PBXBuildFile; fileRef = 228BC5BF282EECD800CE2307 /* LoadingSection.swift */; };
		228BC61E282EECD800CE2307 /* LoadingCell.swift in Sources */ = {isa = PBXBuildFile; fileRef = 228BC5C0282EECD800CE2307 /* LoadingCell.swift */; };
		228BC61F282EECD800CE2307 /* LoadingView.xib in Resources */ = {isa = PBXBuildFile; fileRef = 228BC5C1282EECD800CE2307 /* LoadingView.xib */; };
		228BC620282EECD800CE2307 /* Loadable.swift in Sources */ = {isa = PBXBuildFile; fileRef = 228BC5C2282EECD800CE2307 /* Loadable.swift */; };
		228BC621282EECD800CE2307 /* LoadingView.swift in Sources */ = {isa = PBXBuildFile; fileRef = 228BC5C3282EECD800CE2307 /* LoadingView.swift */; };
		228BC622282EECD800CE2307 /* TableViewDataSource.swift in Sources */ = {isa = PBXBuildFile; fileRef = 228BC5C4282EECD800CE2307 /* TableViewDataSource.swift */; };
		228BC623282EECD800CE2307 /* ReusableView.swift in Sources */ = {isa = PBXBuildFile; fileRef = 228BC5C5282EECD800CE2307 /* ReusableView.swift */; };
		228BC624282EECD800CE2307 /* Button.swift in Sources */ = {isa = PBXBuildFile; fileRef = 228BC5C6282EECD800CE2307 /* Button.swift */; };
		228BC625282EECD800CE2307 /* TableSectionProtocol.swift in Sources */ = {isa = PBXBuildFile; fileRef = 228BC5C7282EECD800CE2307 /* TableSectionProtocol.swift */; };
		228BC626282EECD800CE2307 /* Default.strings in Resources */ = {isa = PBXBuildFile; fileRef = 228BC5C9282EECD800CE2307 /* Default.strings */; };
		228BC627282EECD800CE2307 /* MovieDetailsFooter.strings in Resources */ = {isa = PBXBuildFile; fileRef = 228BC5CC282EECD800CE2307 /* MovieDetailsFooter.strings */; };
		228BC628282EECD800CE2307 /* MovieDetailsHeader.strings in Resources */ = {isa = PBXBuildFile; fileRef = 228BC5CE282EECD800CE2307 /* MovieDetailsHeader.strings */; };
		228BC629282EECD800CE2307 /* String+Localizable.swift in Sources */ = {isa = PBXBuildFile; fileRef = 228BC5D2282EECD800CE2307 /* String+Localizable.swift */; };
		228BC62A282EECD800CE2307 /* String+Moya.swift in Sources */ = {isa = PBXBuildFile; fileRef = 228BC5D5282EECD800CE2307 /* String+Moya.swift */; };
		228BC62B282EECD800CE2307 /* UILabel+DynamicHeight.swift in Sources */ = {isa = PBXBuildFile; fileRef = 228BC5D6282EECD800CE2307 /* UILabel+DynamicHeight.swift */; };
		228BC62C282EECD800CE2307 /* UIView+NibLoadable.swift in Sources */ = {isa = PBXBuildFile; fileRef = 228BC5D7282EECD800CE2307 /* UIView+NibLoadable.swift */; };
		228BC62D282EECD800CE2307 /* MoyaResponse+Map.swift in Sources */ = {isa = PBXBuildFile; fileRef = 228BC5D8282EECD800CE2307 /* MoyaResponse+Map.swift */; };
		228BC62E282EECD800CE2307 /* String+Date.swift in Sources */ = {isa = PBXBuildFile; fileRef = 228BC5D9282EECD800CE2307 /* String+Date.swift */; };
		228BC62F282EECD800CE2307 /* UIView+Nib.swift in Sources */ = {isa = PBXBuildFile; fileRef = 228BC5DA282EECD800CE2307 /* UIView+Nib.swift */; };
		228BC630282EECD800CE2307 /* UITableView+Reusable.swift in Sources */ = {isa = PBXBuildFile; fileRef = 228BC5DB282EECD800CE2307 /* UITableView+Reusable.swift */; };
		228BC631282EECD800CE2307 /* UIImageView+URL.swift in Sources */ = {isa = PBXBuildFile; fileRef = 228BC5DC282EECD800CE2307 /* UIImageView+URL.swift */; };
		228BC632282EECD800CE2307 /* MovieFactory.swift in Sources */ = {isa = PBXBuildFile; fileRef = 228BC5DE282EECD800CE2307 /* MovieFactory.swift */; };
		228BC633282EECD800CE2307 /* Images.swift in Sources */ = {isa = PBXBuildFile; fileRef = 228BC5E0282EECD800CE2307 /* Images.swift */; };
		228BC634282EECD800CE2307 /* Colors.swift in Sources */ = {isa = PBXBuildFile; fileRef = 228BC5E1282EECD800CE2307 /* Colors.swift */; };
		228BC635282EECD800CE2307 /* Genres.swift in Sources */ = {isa = PBXBuildFile; fileRef = 228BC5E4282EECD800CE2307 /* Genres.swift */; };
		228BC636282EECD800CE2307 /* GenresModel.swift in Sources */ = {isa = PBXBuildFile; fileRef = 228BC5E5282EECD800CE2307 /* GenresModel.swift */; };
		228BC637282EECD800CE2307 /* GetMovieGenreListUseCase.swift in Sources */ = {isa = PBXBuildFile; fileRef = 228BC5E6282EECD800CE2307 /* GetMovieGenreListUseCase.swift */; };
		228BC638282EECD800CE2307 /* Assets.xcassets in Resources */ = {isa = PBXBuildFile; fileRef = 228BC5E8282EECD800CE2307 /* Assets.xcassets */; };
		228BC63B282EECD800CE2307 /* APIProvider.swift in Sources */ = {isa = PBXBuildFile; fileRef = 228BC5EE282EECD800CE2307 /* APIProvider.swift */; };
		228BC63C282EECD800CE2307 /* APITarget.swift in Sources */ = {isa = PBXBuildFile; fileRef = 228BC5EF282EECD800CE2307 /* APITarget.swift */; };
		228BC63D282EECD800CE2307 /* APIHost.swift in Sources */ = {isa = PBXBuildFile; fileRef = 228BC5F0282EECD800CE2307 /* APIHost.swift */; };
		228BC63E282EECD800CE2307 /* MovieRoutes.swift in Sources */ = {isa = PBXBuildFile; fileRef = 228BC5F2282EECD800CE2307 /* MovieRoutes.swift */; };
		228BC63F282EECD800CE2307 /* GenreRoutes.swift in Sources */ = {isa = PBXBuildFile; fileRef = 228BC5F3282EECD800CE2307 /* GenreRoutes.swift */; };
		228BC640282EECD800CE2307 /* MovieDetailsView.xib in Resources */ = {isa = PBXBuildFile; fileRef = 228BC5F7282EECD800CE2307 /* MovieDetailsView.xib */; };
		228BC641282EECD800CE2307 /* MovieDetailsFooterView.swift in Sources */ = {isa = PBXBuildFile; fileRef = 228BC5F9282EECD800CE2307 /* MovieDetailsFooterView.swift */; };
		228BC642282EECD800CE2307 /* MovieDetailsFooterViewModel.swift in Sources */ = {isa = PBXBuildFile; fileRef = 228BC5FA282EECD800CE2307 /* MovieDetailsFooterViewModel.swift */; };
		228BC643282EECD800CE2307 /* MovieDetailsFooterView.xib in Resources */ = {isa = PBXBuildFile; fileRef = 228BC5FB282EECD800CE2307 /* MovieDetailsFooterView.xib */; };
		228BC644282EECD800CE2307 /* MovieDetailsController.swift in Sources */ = {isa = PBXBuildFile; fileRef = 228BC5FC282EECD800CE2307 /* MovieDetailsController.swift */; };
		228BC645282EECD800CE2307 /* SimilarMovieCell.swift in Sources */ = {isa = PBXBuildFile; fileRef = 228BC5FE282EECD800CE2307 /* SimilarMovieCell.swift */; };
		228BC646282EECD800CE2307 /* SimilarMovieCellViewModel.swift in Sources */ = {isa = PBXBuildFile; fileRef = 228BC5FF282EECD800CE2307 /* SimilarMovieCellViewModel.swift */; };
		228BC647282EECD800CE2307 /* SimilarMovieSection.swift in Sources */ = {isa = PBXBuildFile; fileRef = 228BC600282EECD800CE2307 /* SimilarMovieSection.swift */; };
		228BC648282EECD800CE2307 /* SimilarMovieCell.xib in Resources */ = {isa = PBXBuildFile; fileRef = 228BC601282EECD800CE2307 /* SimilarMovieCell.xib */; };
		228BC649282EECD800CE2307 /* MovieDetailsViewModel.swift in Sources */ = {isa = PBXBuildFile; fileRef = 228BC602282EECD800CE2307 /* MovieDetailsViewModel.swift */; };
		228BC64A282EECD800CE2307 /* MovieDetailsView.swift in Sources */ = {isa = PBXBuildFile; fileRef = 228BC603282EECD800CE2307 /* MovieDetailsView.swift */; };
		228BC64B282EECD800CE2307 /* MovieDetailsHeaderView.xib in Resources */ = {isa = PBXBuildFile; fileRef = 228BC605282EECD800CE2307 /* MovieDetailsHeaderView.xib */; };
		228BC64C282EECD800CE2307 /* MovieDetailsHeaderViewModel.swift in Sources */ = {isa = PBXBuildFile; fileRef = 228BC606282EECD800CE2307 /* MovieDetailsHeaderViewModel.swift */; };
		228BC64D282EECD800CE2307 /* MovieDetailsHeaderView.swift in Sources */ = {isa = PBXBuildFile; fileRef = 228BC607282EECD800CE2307 /* MovieDetailsHeaderView.swift */; };
		228BC64E282EECD800CE2307 /* MovieDetails.swift in Sources */ = {isa = PBXBuildFile; fileRef = 228BC609282EECD800CE2307 /* MovieDetails.swift */; };
		228BC64F282EECD800CE2307 /* Collection.swift in Sources */ = {isa = PBXBuildFile; fileRef = 228BC60A282EECD800CE2307 /* Collection.swift */; };
		228BC650282EECD800CE2307 /* Movie.swift in Sources */ = {isa = PBXBuildFile; fileRef = 228BC60B282EECD800CE2307 /* Movie.swift */; };
		228BC651282EECD800CE2307 /* GetSimilarMoviesUseCase.swift in Sources */ = {isa = PBXBuildFile; fileRef = 228BC60D282EECD800CE2307 /* GetSimilarMoviesUseCase.swift */; };
		228BC652282EECD800CE2307 /* GetMovieDetailsUseCase.swift in Sources */ = {isa = PBXBuildFile; fileRef = 228BC60E282EECD800CE2307 /* GetMovieDetailsUseCase.swift */; };
		228BC655282EECD800CE2307 /* RequestPage.swift in Sources */ = {isa = PBXBuildFile; fileRef = 228BC615282EECD800CE2307 /* RequestPage.swift */; };
		228BC656282EECD800CE2307 /* RequestError.swift in Sources */ = {isa = PBXBuildFile; fileRef = 228BC616282EECD800CE2307 /* RequestError.swift */; };
		228BC657282EECD800CE2307 /* AppCoordinator.swift in Sources */ = {isa = PBXBuildFile; fileRef = 228BC618282EECD800CE2307 /* AppCoordinator.swift */; };
		228BC658282EECD800CE2307 /* MovieCoordinator.swift in Sources */ = {isa = PBXBuildFile; fileRef = 228BC619282EECD800CE2307 /* MovieCoordinator.swift */; };
		228BC659282EECD800CE2307 /* CoordinatorProtocol.swift in Sources */ = {isa = PBXBuildFile; fileRef = 228BC61A282EECD800CE2307 /* CoordinatorProtocol.swift */; };
		228BC65A282EF28900CE2307 /* LaunchScreen.storyboard in Resources */ = {isa = PBXBuildFile; fileRef = 228BC5E9282EECD800CE2307 /* LaunchScreen.storyboard */; };
		49DFB145BC1D50CA2C1A4FCB /* Pods_WellTVTests.framework in Frameworks */ = {isa = PBXBuildFile; fileRef = A50956D345B90FFD2E45C6CC /* Pods_WellTVTests.framework */; };
		AA8C92EB59E46D5683E12736 /* Pods_WellTV.framework in Frameworks */ = {isa = PBXBuildFile; fileRef = 12D555F8DE91B498CAFBE876 /* Pods_WellTV.framework */; };
		EF820AD95007F6D1E844ABBA /* Pods_WellTVUITests.framework in Frameworks */ = {isa = PBXBuildFile; fileRef = 87A3B2D13D4149D1071031F8 /* Pods_WellTVUITests.framework */; };
/* End PBXBuildFile section */

/* Begin PBXContainerItemProxy section */
		228BC59D282EEC0D00CE2307 /* PBXContainerItemProxy */ = {
			isa = PBXContainerItemProxy;
			containerPortal = 228BC57E282EEC0900CE2307 /* Project object */;
			proxyType = 1;
			remoteGlobalIDString = 228BC585282EEC0900CE2307;
			remoteInfo = "Well TV";
		};
		228BC5A7282EEC0D00CE2307 /* PBXContainerItemProxy */ = {
			isa = PBXContainerItemProxy;
			containerPortal = 228BC57E282EEC0900CE2307 /* Project object */;
			proxyType = 1;
			remoteGlobalIDString = 228BC585282EEC0900CE2307;
			remoteInfo = "Well TV";
		};
/* End PBXContainerItemProxy section */

/* Begin PBXFileReference section */
		067629CCC0D69F8C4BDF1E90 /* Pods-WellTVUITests.release.xcconfig */ = {isa = PBXFileReference; includeInIndex = 1; lastKnownFileType = text.xcconfig; name = "Pods-WellTVUITests.release.xcconfig"; path = "Target Support Files/Pods-WellTVUITests/Pods-WellTVUITests.release.xcconfig"; sourceTree = "<group>"; };
		0C39250122F1EA833EB7637F /* Pods-WellTV-WellTVUITests.release.xcconfig */ = {isa = PBXFileReference; includeInIndex = 1; lastKnownFileType = text.xcconfig; name = "Pods-WellTV-WellTVUITests.release.xcconfig"; path = "Target Support Files/Pods-WellTV-WellTVUITests/Pods-WellTV-WellTVUITests.release.xcconfig"; sourceTree = "<group>"; };
		12D555F8DE91B498CAFBE876 /* Pods_WellTV.framework */ = {isa = PBXFileReference; explicitFileType = wrapper.framework; includeInIndex = 0; path = Pods_WellTV.framework; sourceTree = BUILT_PRODUCTS_DIR; };
		15A92B548A715529932C831F /* Pods-WellTVUITests.debug.xcconfig */ = {isa = PBXFileReference; includeInIndex = 1; lastKnownFileType = text.xcconfig; name = "Pods-WellTVUITests.debug.xcconfig"; path = "Target Support Files/Pods-WellTVUITests/Pods-WellTVUITests.debug.xcconfig"; sourceTree = "<group>"; };
		228BC586282EEC0900CE2307 /* WellTV.app */ = {isa = PBXFileReference; explicitFileType = wrapper.application; includeInIndex = 0; path = WellTV.app; sourceTree = BUILT_PRODUCTS_DIR; };
		228BC589282EEC0900CE2307 /* AppDelegate.swift */ = {isa = PBXFileReference; lastKnownFileType = sourcecode.swift; path = AppDelegate.swift; sourceTree = "<group>"; };
		228BC58B282EEC0900CE2307 /* SceneDelegate.swift */ = {isa = PBXFileReference; lastKnownFileType = sourcecode.swift; path = SceneDelegate.swift; sourceTree = "<group>"; };
		228BC58D282EEC0900CE2307 /* ViewController.swift */ = {isa = PBXFileReference; lastKnownFileType = sourcecode.swift; path = ViewController.swift; sourceTree = "<group>"; };
		228BC59C282EEC0D00CE2307 /* WellTVTests.xctest */ = {isa = PBXFileReference; explicitFileType = wrapper.cfbundle; includeInIndex = 0; path = WellTVTests.xctest; sourceTree = BUILT_PRODUCTS_DIR; };
		228BC5A0282EEC0D00CE2307 /* WellTVTests.swift */ = {isa = PBXFileReference; lastKnownFileType = sourcecode.swift; path = WellTVTests.swift; sourceTree = "<group>"; };
		228BC5A6282EEC0D00CE2307 /* WellTVUITests.xctest */ = {isa = PBXFileReference; explicitFileType = wrapper.cfbundle; includeInIndex = 0; path = WellTVUITests.xctest; sourceTree = BUILT_PRODUCTS_DIR; };
		228BC5AA282EEC0D00CE2307 /* WellTVUITests.swift */ = {isa = PBXFileReference; lastKnownFileType = sourcecode.swift; path = WellTVUITests.swift; sourceTree = "<group>"; };
		228BC5AC282EEC0D00CE2307 /* WellTVUITestsLaunchTests.swift */ = {isa = PBXFileReference; lastKnownFileType = sourcecode.swift; path = WellTVUITestsLaunchTests.swift; sourceTree = "<group>"; };
		228BC5BE282EECD800CE2307 /* LoadingCell.xib */ = {isa = PBXFileReference; fileEncoding = 4; lastKnownFileType = file.xib; path = LoadingCell.xib; sourceTree = "<group>"; };
		228BC5BF282EECD800CE2307 /* LoadingSection.swift */ = {isa = PBXFileReference; fileEncoding = 4; lastKnownFileType = sourcecode.swift; path = LoadingSection.swift; sourceTree = "<group>"; };
		228BC5C0282EECD800CE2307 /* LoadingCell.swift */ = {isa = PBXFileReference; fileEncoding = 4; lastKnownFileType = sourcecode.swift; path = LoadingCell.swift; sourceTree = "<group>"; };
		228BC5C1282EECD800CE2307 /* LoadingView.xib */ = {isa = PBXFileReference; fileEncoding = 4; lastKnownFileType = file.xib; path = LoadingView.xib; sourceTree = "<group>"; };
		228BC5C2282EECD800CE2307 /* Loadable.swift */ = {isa = PBXFileReference; fileEncoding = 4; lastKnownFileType = sourcecode.swift; path = Loadable.swift; sourceTree = "<group>"; };
		228BC5C3282EECD800CE2307 /* LoadingView.swift */ = {isa = PBXFileReference; fileEncoding = 4; lastKnownFileType = sourcecode.swift; path = LoadingView.swift; sourceTree = "<group>"; };
		228BC5C4282EECD800CE2307 /* TableViewDataSource.swift */ = {isa = PBXFileReference; fileEncoding = 4; lastKnownFileType = sourcecode.swift; path = TableViewDataSource.swift; sourceTree = "<group>"; };
		228BC5C5282EECD800CE2307 /* ReusableView.swift */ = {isa = PBXFileReference; fileEncoding = 4; lastKnownFileType = sourcecode.swift; path = ReusableView.swift; sourceTree = "<group>"; };
		228BC5C6282EECD800CE2307 /* Button.swift */ = {isa = PBXFileReference; fileEncoding = 4; lastKnownFileType = sourcecode.swift; path = Button.swift; sourceTree = "<group>"; };
		228BC5C7282EECD800CE2307 /* TableSectionProtocol.swift */ = {isa = PBXFileReference; fileEncoding = 4; lastKnownFileType = sourcecode.swift; path = TableSectionProtocol.swift; sourceTree = "<group>"; };
		228BC5CA282EECD800CE2307 /* en */ = {isa = PBXFileReference; lastKnownFileType = text.plist.strings; name = en; path = en.lproj/Default.strings; sourceTree = "<group>"; };
		228BC5CD282EECD800CE2307 /* en */ = {isa = PBXFileReference; lastKnownFileType = text.plist.strings; name = en; path = en.lproj/MovieDetailsFooter.strings; sourceTree = "<group>"; };
		228BC5CF282EECD800CE2307 /* en */ = {isa = PBXFileReference; lastKnownFileType = text.plist.strings; name = en; path = en.lproj/MovieDetailsHeader.strings; sourceTree = "<group>"; };
		228BC5D0282EECD800CE2307 /* pt-BR */ = {isa = PBXFileReference; lastKnownFileType = text.plist.strings; name = "pt-BR"; path = "pt-BR.lproj/MovieDetailsFooter.strings"; sourceTree = "<group>"; };
		228BC5D1282EECD800CE2307 /* pt-BR */ = {isa = PBXFileReference; lastKnownFileType = text.plist.strings; name = "pt-BR"; path = "pt-BR.lproj/MovieDetailsHeader.strings"; sourceTree = "<group>"; };
		228BC5D2282EECD800CE2307 /* String+Localizable.swift */ = {isa = PBXFileReference; fileEncoding = 4; lastKnownFileType = sourcecode.swift; path = "String+Localizable.swift"; sourceTree = "<group>"; };
		228BC5D3282EECD800CE2307 /* pt-BR */ = {isa = PBXFileReference; lastKnownFileType = text.plist.strings; name = "pt-BR"; path = "pt-BR.lproj/Default.strings"; sourceTree = "<group>"; };
		228BC5D5282EECD800CE2307 /* String+Moya.swift */ = {isa = PBXFileReference; fileEncoding = 4; lastKnownFileType = sourcecode.swift; path = "String+Moya.swift"; sourceTree = "<group>"; };
		228BC5D6282EECD800CE2307 /* UILabel+DynamicHeight.swift */ = {isa = PBXFileReference; fileEncoding = 4; lastKnownFileType = sourcecode.swift; path = "UILabel+DynamicHeight.swift"; sourceTree = "<group>"; };
		228BC5D7282EECD800CE2307 /* UIView+NibLoadable.swift */ = {isa = PBXFileReference; fileEncoding = 4; lastKnownFileType = sourcecode.swift; path = "UIView+NibLoadable.swift"; sourceTree = "<group>"; };
		228BC5D8282EECD800CE2307 /* MoyaResponse+Map.swift */ = {isa = PBXFileReference; fileEncoding = 4; lastKnownFileType = sourcecode.swift; path = "MoyaResponse+Map.swift"; sourceTree = "<group>"; };
		228BC5D9282EECD800CE2307 /* String+Date.swift */ = {isa = PBXFileReference; fileEncoding = 4; lastKnownFileType = sourcecode.swift; path = "String+Date.swift"; sourceTree = "<group>"; };
		228BC5DA282EECD800CE2307 /* UIView+Nib.swift */ = {isa = PBXFileReference; fileEncoding = 4; lastKnownFileType = sourcecode.swift; path = "UIView+Nib.swift"; sourceTree = "<group>"; };
		228BC5DB282EECD800CE2307 /* UITableView+Reusable.swift */ = {isa = PBXFileReference; fileEncoding = 4; lastKnownFileType = sourcecode.swift; path = "UITableView+Reusable.swift"; sourceTree = "<group>"; };
		228BC5DC282EECD800CE2307 /* UIImageView+URL.swift */ = {isa = PBXFileReference; fileEncoding = 4; lastKnownFileType = sourcecode.swift; path = "UIImageView+URL.swift"; sourceTree = "<group>"; };
		228BC5DE282EECD800CE2307 /* MovieFactory.swift */ = {isa = PBXFileReference; fileEncoding = 4; lastKnownFileType = sourcecode.swift; path = MovieFactory.swift; sourceTree = "<group>"; };
		228BC5E0282EECD800CE2307 /* Images.swift */ = {isa = PBXFileReference; fileEncoding = 4; lastKnownFileType = sourcecode.swift; path = Images.swift; sourceTree = "<group>"; };
		228BC5E1282EECD800CE2307 /* Colors.swift */ = {isa = PBXFileReference; fileEncoding = 4; lastKnownFileType = sourcecode.swift; path = Colors.swift; sourceTree = "<group>"; };
		228BC5E4282EECD800CE2307 /* Genres.swift */ = {isa = PBXFileReference; fileEncoding = 4; lastKnownFileType = sourcecode.swift; path = Genres.swift; sourceTree = "<group>"; };
		228BC5E5282EECD800CE2307 /* GenresModel.swift */ = {isa = PBXFileReference; fileEncoding = 4; lastKnownFileType = sourcecode.swift; path = GenresModel.swift; sourceTree = "<group>"; };
		228BC5E6282EECD800CE2307 /* GetMovieGenreListUseCase.swift */ = {isa = PBXFileReference; fileEncoding = 4; lastKnownFileType = sourcecode.swift; path = GetMovieGenreListUseCase.swift; sourceTree = "<group>"; };
		228BC5E8282EECD800CE2307 /* Assets.xcassets */ = {isa = PBXFileReference; lastKnownFileType = folder.assetcatalog; path = Assets.xcassets; sourceTree = "<group>"; };
		228BC5EA282EECD800CE2307 /* Base */ = {isa = PBXFileReference; lastKnownFileType = file.storyboard; name = Base; path = Base.lproj/LaunchScreen.storyboard; sourceTree = "<group>"; };
		228BC5EB282EECD800CE2307 /* Info.plist */ = {isa = PBXFileReference; fileEncoding = 4; lastKnownFileType = text.plist.xml; path = Info.plist; sourceTree = "<group>"; };
		228BC5EE282EECD800CE2307 /* APIProvider.swift */ = {isa = PBXFileReference; fileEncoding = 4; lastKnownFileType = sourcecode.swift; path = APIProvider.swift; sourceTree = "<group>"; };
		228BC5EF282EECD800CE2307 /* APITarget.swift */ = {isa = PBXFileReference; fileEncoding = 4; lastKnownFileType = sourcecode.swift; path = APITarget.swift; sourceTree = "<group>"; };
		228BC5F0282EECD800CE2307 /* APIHost.swift */ = {isa = PBXFileReference; fileEncoding = 4; lastKnownFileType = sourcecode.swift; path = APIHost.swift; sourceTree = "<group>"; };
		228BC5F2282EECD800CE2307 /* MovieRoutes.swift */ = {isa = PBXFileReference; fileEncoding = 4; lastKnownFileType = sourcecode.swift; path = MovieRoutes.swift; sourceTree = "<group>"; };
		228BC5F3282EECD800CE2307 /* GenreRoutes.swift */ = {isa = PBXFileReference; fileEncoding = 4; lastKnownFileType = sourcecode.swift; path = GenreRoutes.swift; sourceTree = "<group>"; };
		228BC5F7282EECD800CE2307 /* MovieDetailsView.xib */ = {isa = PBXFileReference; fileEncoding = 4; lastKnownFileType = file.xib; path = MovieDetailsView.xib; sourceTree = "<group>"; };
		228BC5F9282EECD800CE2307 /* MovieDetailsFooterView.swift */ = {isa = PBXFileReference; fileEncoding = 4; lastKnownFileType = sourcecode.swift; path = MovieDetailsFooterView.swift; sourceTree = "<group>"; };
		228BC5FA282EECD800CE2307 /* MovieDetailsFooterViewModel.swift */ = {isa = PBXFileReference; fileEncoding = 4; lastKnownFileType = sourcecode.swift; path = MovieDetailsFooterViewModel.swift; sourceTree = "<group>"; };
		228BC5FB282EECD800CE2307 /* MovieDetailsFooterView.xib */ = {isa = PBXFileReference; fileEncoding = 4; lastKnownFileType = file.xib; path = MovieDetailsFooterView.xib; sourceTree = "<group>"; };
		228BC5FC282EECD800CE2307 /* MovieDetailsController.swift */ = {isa = PBXFileReference; fileEncoding = 4; lastKnownFileType = sourcecode.swift; path = MovieDetailsController.swift; sourceTree = "<group>"; };
		228BC5FE282EECD800CE2307 /* SimilarMovieCell.swift */ = {isa = PBXFileReference; fileEncoding = 4; lastKnownFileType = sourcecode.swift; path = SimilarMovieCell.swift; sourceTree = "<group>"; };
		228BC5FF282EECD800CE2307 /* SimilarMovieCellViewModel.swift */ = {isa = PBXFileReference; fileEncoding = 4; lastKnownFileType = sourcecode.swift; path = SimilarMovieCellViewModel.swift; sourceTree = "<group>"; };
		228BC600282EECD800CE2307 /* SimilarMovieSection.swift */ = {isa = PBXFileReference; fileEncoding = 4; lastKnownFileType = sourcecode.swift; path = SimilarMovieSection.swift; sourceTree = "<group>"; };
		228BC601282EECD800CE2307 /* SimilarMovieCell.xib */ = {isa = PBXFileReference; fileEncoding = 4; lastKnownFileType = file.xib; path = SimilarMovieCell.xib; sourceTree = "<group>"; };
		228BC602282EECD800CE2307 /* MovieDetailsViewModel.swift */ = {isa = PBXFileReference; fileEncoding = 4; lastKnownFileType = sourcecode.swift; path = MovieDetailsViewModel.swift; sourceTree = "<group>"; };
		228BC603282EECD800CE2307 /* MovieDetailsView.swift */ = {isa = PBXFileReference; fileEncoding = 4; lastKnownFileType = sourcecode.swift; path = MovieDetailsView.swift; sourceTree = "<group>"; };
		228BC605282EECD800CE2307 /* MovieDetailsHeaderView.xib */ = {isa = PBXFileReference; fileEncoding = 4; lastKnownFileType = file.xib; path = MovieDetailsHeaderView.xib; sourceTree = "<group>"; };
		228BC606282EECD800CE2307 /* MovieDetailsHeaderViewModel.swift */ = {isa = PBXFileReference; fileEncoding = 4; lastKnownFileType = sourcecode.swift; path = MovieDetailsHeaderViewModel.swift; sourceTree = "<group>"; };
		228BC607282EECD800CE2307 /* MovieDetailsHeaderView.swift */ = {isa = PBXFileReference; fileEncoding = 4; lastKnownFileType = sourcecode.swift; path = MovieDetailsHeaderView.swift; sourceTree = "<group>"; };
		228BC609282EECD800CE2307 /* MovieDetails.swift */ = {isa = PBXFileReference; fileEncoding = 4; lastKnownFileType = sourcecode.swift; path = MovieDetails.swift; sourceTree = "<group>"; };
		228BC60A282EECD800CE2307 /* Collection.swift */ = {isa = PBXFileReference; fileEncoding = 4; lastKnownFileType = sourcecode.swift; path = Collection.swift; sourceTree = "<group>"; };
		228BC60B282EECD800CE2307 /* Movie.swift */ = {isa = PBXFileReference; fileEncoding = 4; lastKnownFileType = sourcecode.swift; path = Movie.swift; sourceTree = "<group>"; };
		228BC60D282EECD800CE2307 /* GetSimilarMoviesUseCase.swift */ = {isa = PBXFileReference; fileEncoding = 4; lastKnownFileType = sourcecode.swift; path = GetSimilarMoviesUseCase.swift; sourceTree = "<group>"; };
		228BC60E282EECD800CE2307 /* GetMovieDetailsUseCase.swift */ = {isa = PBXFileReference; fileEncoding = 4; lastKnownFileType = sourcecode.swift; path = GetMovieDetailsUseCase.swift; sourceTree = "<group>"; };
		228BC615282EECD800CE2307 /* RequestPage.swift */ = {isa = PBXFileReference; fileEncoding = 4; lastKnownFileType = sourcecode.swift; path = RequestPage.swift; sourceTree = "<group>"; };
		228BC616282EECD800CE2307 /* RequestError.swift */ = {isa = PBXFileReference; fileEncoding = 4; lastKnownFileType = sourcecode.swift; path = RequestError.swift; sourceTree = "<group>"; };
		228BC618282EECD800CE2307 /* AppCoordinator.swift */ = {isa = PBXFileReference; fileEncoding = 4; lastKnownFileType = sourcecode.swift; path = AppCoordinator.swift; sourceTree = "<group>"; };
		228BC619282EECD800CE2307 /* MovieCoordinator.swift */ = {isa = PBXFileReference; fileEncoding = 4; lastKnownFileType = sourcecode.swift; path = MovieCoordinator.swift; sourceTree = "<group>"; };
		228BC61A282EECD800CE2307 /* CoordinatorProtocol.swift */ = {isa = PBXFileReference; fileEncoding = 4; lastKnownFileType = sourcecode.swift; path = CoordinatorProtocol.swift; sourceTree = "<group>"; };
		3DC86E8244CD85FA5A7E00DB /* Pods-WellTV.debug.xcconfig */ = {isa = PBXFileReference; includeInIndex = 1; lastKnownFileType = text.xcconfig; name = "Pods-WellTV.debug.xcconfig"; path = "Target Support Files/Pods-WellTV/Pods-WellTV.debug.xcconfig"; sourceTree = "<group>"; };
		63D5779A36AE2D5AFC144180 /* Pods-WellTV-WellTVUITests.debug.xcconfig */ = {isa = PBXFileReference; includeInIndex = 1; lastKnownFileType = text.xcconfig; name = "Pods-WellTV-WellTVUITests.debug.xcconfig"; path = "Target Support Files/Pods-WellTV-WellTVUITests/Pods-WellTV-WellTVUITests.debug.xcconfig"; sourceTree = "<group>"; };
		87A3B2D13D4149D1071031F8 /* Pods_WellTVUITests.framework */ = {isa = PBXFileReference; explicitFileType = wrapper.framework; includeInIndex = 0; path = Pods_WellTVUITests.framework; sourceTree = BUILT_PRODUCTS_DIR; };
		A251D985E11370EA7F9A0F7C /* Pods-WellTV.release.xcconfig */ = {isa = PBXFileReference; includeInIndex = 1; lastKnownFileType = text.xcconfig; name = "Pods-WellTV.release.xcconfig"; path = "Target Support Files/Pods-WellTV/Pods-WellTV.release.xcconfig"; sourceTree = "<group>"; };
		A50956D345B90FFD2E45C6CC /* Pods_WellTVTests.framework */ = {isa = PBXFileReference; explicitFileType = wrapper.framework; includeInIndex = 0; path = Pods_WellTVTests.framework; sourceTree = BUILT_PRODUCTS_DIR; };
		B7FD3F1F64A014019DFFAAA0 /* Pods-WellTVTests.debug.xcconfig */ = {isa = PBXFileReference; includeInIndex = 1; lastKnownFileType = text.xcconfig; name = "Pods-WellTVTests.debug.xcconfig"; path = "Target Support Files/Pods-WellTVTests/Pods-WellTVTests.debug.xcconfig"; sourceTree = "<group>"; };
		E6E528BC4FC9BD7168C06D0E /* Pods-WellTVTests.release.xcconfig */ = {isa = PBXFileReference; includeInIndex = 1; lastKnownFileType = text.xcconfig; name = "Pods-WellTVTests.release.xcconfig"; path = "Target Support Files/Pods-WellTVTests/Pods-WellTVTests.release.xcconfig"; sourceTree = "<group>"; };
/* End PBXFileReference section */

/* Begin PBXFrameworksBuildPhase section */
		228BC583282EEC0900CE2307 /* Frameworks */ = {
			isa = PBXFrameworksBuildPhase;
			buildActionMask = 2147483647;
			files = (
				AA8C92EB59E46D5683E12736 /* Pods_WellTV.framework in Frameworks */,
			);
			runOnlyForDeploymentPostprocessing = 0;
		};
		228BC599282EEC0D00CE2307 /* Frameworks */ = {
			isa = PBXFrameworksBuildPhase;
			buildActionMask = 2147483647;
			files = (
				49DFB145BC1D50CA2C1A4FCB /* Pods_WellTVTests.framework in Frameworks */,
			);
			runOnlyForDeploymentPostprocessing = 0;
		};
		228BC5A3282EEC0D00CE2307 /* Frameworks */ = {
			isa = PBXFrameworksBuildPhase;
			buildActionMask = 2147483647;
			files = (
				EF820AD95007F6D1E844ABBA /* Pods_WellTVUITests.framework in Frameworks */,
			);
			runOnlyForDeploymentPostprocessing = 0;
		};
/* End PBXFrameworksBuildPhase section */

/* Begin PBXGroup section */
		108AC03E10A4F7373528F379 /* Frameworks */ = {
			isa = PBXGroup;
			children = (
				12D555F8DE91B498CAFBE876 /* Pods_WellTV.framework */,
				A50956D345B90FFD2E45C6CC /* Pods_WellTVTests.framework */,
				87A3B2D13D4149D1071031F8 /* Pods_WellTVUITests.framework */,
			);
			name = Frameworks;
			sourceTree = "<group>";
		};
		228BC57D282EEC0900CE2307 = {
			isa = PBXGroup;
			children = (
				228BC588282EEC0900CE2307 /* WellTV */,
				228BC59F282EEC0D00CE2307 /* WellTVTests */,
				228BC5A9282EEC0D00CE2307 /* WellTVUITests */,
				228BC587282EEC0900CE2307 /* Products */,
				478D4B95615E5F452357233B /* Pods */,
				108AC03E10A4F7373528F379 /* Frameworks */,
			);
			sourceTree = "<group>";
		};
		228BC587282EEC0900CE2307 /* Products */ = {
			isa = PBXGroup;
			children = (
				228BC586282EEC0900CE2307 /* WellTV.app */,
				228BC59C282EEC0D00CE2307 /* WellTVTests.xctest */,
				228BC5A6282EEC0D00CE2307 /* WellTVUITests.xctest */,
			);
			name = Products;
			sourceTree = "<group>";
		};
		228BC588282EEC0900CE2307 /* WellTV */ = {
			isa = PBXGroup;
			children = (
				228BC5EC282EECD800CE2307 /* API */,
				228BC617282EECD800CE2307 /* Coordinators */,
				228BC5E2282EECD800CE2307 /* Data */,
				228BC614282EECD800CE2307 /* Models */,
				228BC5F4282EECD800CE2307 /* Scenes */,
				228BC5BA282EECD800CE2307 /* Support */,
				228BC5E7282EECD800CE2307 /* Supporting Files */,
				228BC589282EEC0900CE2307 /* AppDelegate.swift */,
				228BC58B282EEC0900CE2307 /* SceneDelegate.swift */,
				228BC58D282EEC0900CE2307 /* ViewController.swift */,
			);
			path = WellTV;
			sourceTree = "<group>";
		};
		228BC59F282EEC0D00CE2307 /* WellTVTests */ = {
			isa = PBXGroup;
			children = (
				228BC5A0282EEC0D00CE2307 /* WellTVTests.swift */,
			);
			path = WellTVTests;
			sourceTree = "<group>";
		};
		228BC5A9282EEC0D00CE2307 /* WellTVUITests */ = {
			isa = PBXGroup;
			children = (
				228BC5AA282EEC0D00CE2307 /* WellTVUITests.swift */,
				228BC5AC282EEC0D00CE2307 /* WellTVUITestsLaunchTests.swift */,
			);
			path = WellTVUITests;
			sourceTree = "<group>";
		};
		228BC5BA282EECD800CE2307 /* Support */ = {
			isa = PBXGroup;
			children = (
				228BC5BB282EECD800CE2307 /* UI */,
				228BC5C8282EECD800CE2307 /* Strings */,
				228BC5D4282EECD800CE2307 /* Extensions */,
				228BC5DD282EECD800CE2307 /* Factories */,
				228BC5DF282EECD800CE2307 /* Tokens */,
			);
			path = Support;
			sourceTree = "<group>";
		};
		228BC5BB282EECD800CE2307 /* UI */ = {
			isa = PBXGroup;
			children = (
				228BC5BC282EECD800CE2307 /* Loading */,
				228BC5C4282EECD800CE2307 /* TableViewDataSource.swift */,
				228BC5C5282EECD800CE2307 /* ReusableView.swift */,
				228BC5C6282EECD800CE2307 /* Button.swift */,
				228BC5C7282EECD800CE2307 /* TableSectionProtocol.swift */,
			);
			path = UI;
			sourceTree = "<group>";
		};
		228BC5BC282EECD800CE2307 /* Loading */ = {
			isa = PBXGroup;
			children = (
				228BC5BD282EECD800CE2307 /* Cell */,
				228BC5C1282EECD800CE2307 /* LoadingView.xib */,
				228BC5C2282EECD800CE2307 /* Loadable.swift */,
				228BC5C3282EECD800CE2307 /* LoadingView.swift */,
			);
			path = Loading;
			sourceTree = "<group>";
		};
		228BC5BD282EECD800CE2307 /* Cell */ = {
			isa = PBXGroup;
			children = (
				228BC5BE282EECD800CE2307 /* LoadingCell.xib */,
				228BC5BF282EECD800CE2307 /* LoadingSection.swift */,
				228BC5C0282EECD800CE2307 /* LoadingCell.swift */,
			);
			path = Cell;
			sourceTree = "<group>";
		};
		228BC5C8282EECD800CE2307 /* Strings */ = {
			isa = PBXGroup;
			children = (
				228BC5C9282EECD800CE2307 /* Default.strings */,
				228BC5CB282EECD800CE2307 /* Movie */,
				228BC5D2282EECD800CE2307 /* String+Localizable.swift */,
			);
			path = Strings;
			sourceTree = "<group>";
		};
		228BC5CB282EECD800CE2307 /* Movie */ = {
			isa = PBXGroup;
			children = (
				228BC5CC282EECD800CE2307 /* MovieDetailsFooter.strings */,
				228BC5CE282EECD800CE2307 /* MovieDetailsHeader.strings */,
			);
			path = Movie;
			sourceTree = "<group>";
		};
		228BC5D4282EECD800CE2307 /* Extensions */ = {
			isa = PBXGroup;
			children = (
				228BC5D5282EECD800CE2307 /* String+Moya.swift */,
				228BC5D6282EECD800CE2307 /* UILabel+DynamicHeight.swift */,
				228BC5D7282EECD800CE2307 /* UIView+NibLoadable.swift */,
				228BC5D8282EECD800CE2307 /* MoyaResponse+Map.swift */,
				228BC5D9282EECD800CE2307 /* String+Date.swift */,
				228BC5DA282EECD800CE2307 /* UIView+Nib.swift */,
				228BC5DB282EECD800CE2307 /* UITableView+Reusable.swift */,
				228BC5DC282EECD800CE2307 /* UIImageView+URL.swift */,
			);
			path = Extensions;
			sourceTree = "<group>";
		};
		228BC5DD282EECD800CE2307 /* Factories */ = {
			isa = PBXGroup;
			children = (
				228BC5DE282EECD800CE2307 /* MovieFactory.swift */,
			);
			path = Factories;
			sourceTree = "<group>";
		};
		228BC5DF282EECD800CE2307 /* Tokens */ = {
			isa = PBXGroup;
			children = (
				228BC5E0282EECD800CE2307 /* Images.swift */,
				228BC5E1282EECD800CE2307 /* Colors.swift */,
			);
			path = Tokens;
			sourceTree = "<group>";
		};
		228BC5E2282EECD800CE2307 /* Data */ = {
			isa = PBXGroup;
			children = (
				228BC5E3282EECD800CE2307 /* Genres */,
			);
			path = Data;
			sourceTree = "<group>";
		};
		228BC5E3282EECD800CE2307 /* Genres */ = {
			isa = PBXGroup;
			children = (
				228BC5E4282EECD800CE2307 /* Genres.swift */,
				228BC5E5282EECD800CE2307 /* GenresModel.swift */,
				228BC5E6282EECD800CE2307 /* GetMovieGenreListUseCase.swift */,
			);
			path = Genres;
			sourceTree = "<group>";
		};
		228BC5E7282EECD800CE2307 /* Supporting Files */ = {
			isa = PBXGroup;
			children = (
				228BC5E8282EECD800CE2307 /* Assets.xcassets */,
				228BC5E9282EECD800CE2307 /* LaunchScreen.storyboard */,
				228BC5EB282EECD800CE2307 /* Info.plist */,
			);
			path = "Supporting Files";
			sourceTree = "<group>";
		};
		228BC5EC282EECD800CE2307 /* API */ = {
			isa = PBXGroup;
			children = (
				228BC5ED282EECD800CE2307 /* Setup */,
				228BC5F1282EECD800CE2307 /* Routes */,
			);
			path = API;
			sourceTree = "<group>";
		};
		228BC5ED282EECD800CE2307 /* Setup */ = {
			isa = PBXGroup;
			children = (
				228BC5EE282EECD800CE2307 /* APIProvider.swift */,
				228BC5EF282EECD800CE2307 /* APITarget.swift */,
				228BC5F0282EECD800CE2307 /* APIHost.swift */,
			);
			path = Setup;
			sourceTree = "<group>";
		};
		228BC5F1282EECD800CE2307 /* Routes */ = {
			isa = PBXGroup;
			children = (
				228BC5F2282EECD800CE2307 /* MovieRoutes.swift */,
				228BC5F3282EECD800CE2307 /* GenreRoutes.swift */,
			);
			path = Routes;
			sourceTree = "<group>";
		};
		228BC5F4282EECD800CE2307 /* Scenes */ = {
			isa = PBXGroup;
			children = (
				228BC5F5282EECD800CE2307 /* Movie */,
			);
			path = Scenes;
			sourceTree = "<group>";
		};
		228BC5F5282EECD800CE2307 /* Movie */ = {
			isa = PBXGroup;
			children = (
				228BC5F6282EECD800CE2307 /* Details */,
				228BC608282EECD800CE2307 /* Model */,
				228BC60C282EECD800CE2307 /* Domain */,
			);
			path = Movie;
			sourceTree = "<group>";
		};
		228BC5F6282EECD800CE2307 /* Details */ = {
			isa = PBXGroup;
			children = (
				228BC5F7282EECD800CE2307 /* MovieDetailsView.xib */,
				228BC5F8282EECD800CE2307 /* Footer */,
				228BC5FC282EECD800CE2307 /* MovieDetailsController.swift */,
				228BC5FD282EECD800CE2307 /* Cell */,
				228BC602282EECD800CE2307 /* MovieDetailsViewModel.swift */,
				228BC603282EECD800CE2307 /* MovieDetailsView.swift */,
				228BC604282EECD800CE2307 /* Header */,
			);
			path = Details;
			sourceTree = "<group>";
		};
		228BC5F8282EECD800CE2307 /* Footer */ = {
			isa = PBXGroup;
			children = (
				228BC5F9282EECD800CE2307 /* MovieDetailsFooterView.swift */,
				228BC5FA282EECD800CE2307 /* MovieDetailsFooterViewModel.swift */,
				228BC5FB282EECD800CE2307 /* MovieDetailsFooterView.xib */,
			);
			path = Footer;
			sourceTree = "<group>";
		};
		228BC5FD282EECD800CE2307 /* Cell */ = {
			isa = PBXGroup;
			children = (
				228BC5FE282EECD800CE2307 /* SimilarMovieCell.swift */,
				228BC5FF282EECD800CE2307 /* SimilarMovieCellViewModel.swift */,
				228BC600282EECD800CE2307 /* SimilarMovieSection.swift */,
				228BC601282EECD800CE2307 /* SimilarMovieCell.xib */,
			);
			path = Cell;
			sourceTree = "<group>";
		};
		228BC604282EECD800CE2307 /* Header */ = {
			isa = PBXGroup;
			children = (
				228BC605282EECD800CE2307 /* MovieDetailsHeaderView.xib */,
				228BC606282EECD800CE2307 /* MovieDetailsHeaderViewModel.swift */,
				228BC607282EECD800CE2307 /* MovieDetailsHeaderView.swift */,
			);
			path = Header;
			sourceTree = "<group>";
		};
		228BC608282EECD800CE2307 /* Model */ = {
			isa = PBXGroup;
			children = (
				228BC609282EECD800CE2307 /* MovieDetails.swift */,
				228BC60A282EECD800CE2307 /* Collection.swift */,
				228BC60B282EECD800CE2307 /* Movie.swift */,
			);
			path = Model;
			sourceTree = "<group>";
		};
		228BC60C282EECD800CE2307 /* Domain */ = {
			isa = PBXGroup;
			children = (
				228BC60D282EECD800CE2307 /* GetSimilarMoviesUseCase.swift */,
				228BC60E282EECD800CE2307 /* GetMovieDetailsUseCase.swift */,
			);
			path = Domain;
			sourceTree = "<group>";
		};
		228BC614282EECD800CE2307 /* Models */ = {
			isa = PBXGroup;
			children = (
				228BC615282EECD800CE2307 /* RequestPage.swift */,
				228BC616282EECD800CE2307 /* RequestError.swift */,
			);
			path = Models;
			sourceTree = "<group>";
		};
		228BC617282EECD800CE2307 /* Coordinators */ = {
			isa = PBXGroup;
			children = (
				228BC618282EECD800CE2307 /* AppCoordinator.swift */,
				228BC619282EECD800CE2307 /* MovieCoordinator.swift */,
				228BC61A282EECD800CE2307 /* CoordinatorProtocol.swift */,
			);
			path = Coordinators;
			sourceTree = "<group>";
		};
		478D4B95615E5F452357233B /* Pods */ = {
			isa = PBXGroup;
			children = (
				3DC86E8244CD85FA5A7E00DB /* Pods-WellTV.debug.xcconfig */,
				A251D985E11370EA7F9A0F7C /* Pods-WellTV.release.xcconfig */,
				63D5779A36AE2D5AFC144180 /* Pods-WellTV-WellTVUITests.debug.xcconfig */,
				0C39250122F1EA833EB7637F /* Pods-WellTV-WellTVUITests.release.xcconfig */,
				B7FD3F1F64A014019DFFAAA0 /* Pods-WellTVTests.debug.xcconfig */,
				E6E528BC4FC9BD7168C06D0E /* Pods-WellTVTests.release.xcconfig */,
				15A92B548A715529932C831F /* Pods-WellTVUITests.debug.xcconfig */,
				067629CCC0D69F8C4BDF1E90 /* Pods-WellTVUITests.release.xcconfig */,
			);
			path = Pods;
			sourceTree = "<group>";
		};
/* End PBXGroup section */

/* Begin PBXNativeTarget section */
		228BC585282EEC0900CE2307 /* WellTV */ = {
			isa = PBXNativeTarget;
			buildConfigurationList = 228BC5B0282EEC0D00CE2307 /* Build configuration list for PBXNativeTarget "WellTV" */;
			buildPhases = (
				5867F374C27D86A90C0798D5 /* [CP] Check Pods Manifest.lock */,
				228BC582282EEC0900CE2307 /* Sources */,
				228BC583282EEC0900CE2307 /* Frameworks */,
				228BC584282EEC0900CE2307 /* Resources */,
				E14802F71F77F4B971371D8D /* [CP] Embed Pods Frameworks */,
			);
			buildRules = (
			);
			dependencies = (
			);
			name = WellTV;
			productName = "Well TV";
			productReference = 228BC586282EEC0900CE2307 /* WellTV.app */;
			productType = "com.apple.product-type.application";
		};
		228BC59B282EEC0D00CE2307 /* WellTVTests */ = {
			isa = PBXNativeTarget;
			buildConfigurationList = 228BC5B3282EEC0D00CE2307 /* Build configuration list for PBXNativeTarget "WellTVTests" */;
			buildPhases = (
				3E8DD917B439D0FC7D146EC3 /* [CP] Check Pods Manifest.lock */,
				228BC598282EEC0D00CE2307 /* Sources */,
				228BC599282EEC0D00CE2307 /* Frameworks */,
				228BC59A282EEC0D00CE2307 /* Resources */,
			);
			buildRules = (
			);
			dependencies = (
				228BC59E282EEC0D00CE2307 /* PBXTargetDependency */,
			);
			name = WellTVTests;
			productName = "Well TVTests";
			productReference = 228BC59C282EEC0D00CE2307 /* WellTVTests.xctest */;
			productType = "com.apple.product-type.bundle.unit-test";
		};
		228BC5A5282EEC0D00CE2307 /* WellTVUITests */ = {
			isa = PBXNativeTarget;
			buildConfigurationList = 228BC5B6282EEC0D00CE2307 /* Build configuration list for PBXNativeTarget "WellTVUITests" */;
			buildPhases = (
				F2A6277D44A5CDEA29AA8D5A /* [CP] Check Pods Manifest.lock */,
				228BC5A2282EEC0D00CE2307 /* Sources */,
				228BC5A3282EEC0D00CE2307 /* Frameworks */,
				228BC5A4282EEC0D00CE2307 /* Resources */,
			);
			buildRules = (
			);
			dependencies = (
				228BC5A8282EEC0D00CE2307 /* PBXTargetDependency */,
			);
			name = WellTVUITests;
			productName = "Well TVUITests";
			productReference = 228BC5A6282EEC0D00CE2307 /* WellTVUITests.xctest */;
			productType = "com.apple.product-type.bundle.ui-testing";
		};
/* End PBXNativeTarget section */

/* Begin PBXProject section */
		228BC57E282EEC0900CE2307 /* Project object */ = {
			isa = PBXProject;
			attributes = {
				BuildIndependentTargetsInParallel = 1;
				LastSwiftUpdateCheck = 1330;
				LastUpgradeCheck = 1330;
				TargetAttributes = {
					228BC585282EEC0900CE2307 = {
						CreatedOnToolsVersion = 13.3.1;
					};
					228BC59B282EEC0D00CE2307 = {
						CreatedOnToolsVersion = 13.3.1;
						TestTargetID = 228BC585282EEC0900CE2307;
					};
					228BC5A5282EEC0D00CE2307 = {
						CreatedOnToolsVersion = 13.3.1;
						TestTargetID = 228BC585282EEC0900CE2307;
					};
				};
			};
			buildConfigurationList = 228BC581282EEC0900CE2307 /* Build configuration list for PBXProject "WellTV" */;
			compatibilityVersion = "Xcode 13.0";
			developmentRegion = en;
			hasScannedForEncodings = 0;
			knownRegions = (
				en,
				Base,
				"pt-BR",
			);
			mainGroup = 228BC57D282EEC0900CE2307;
			productRefGroup = 228BC587282EEC0900CE2307 /* Products */;
			projectDirPath = "";
			projectRoot = "";
			targets = (
				228BC585282EEC0900CE2307 /* WellTV */,
				228BC59B282EEC0D00CE2307 /* WellTVTests */,
				228BC5A5282EEC0D00CE2307 /* WellTVUITests */,
			);
		};
/* End PBXProject section */

/* Begin PBXResourcesBuildPhase section */
		228BC584282EEC0900CE2307 /* Resources */ = {
			isa = PBXResourcesBuildPhase;
			buildActionMask = 2147483647;
			files = (
				228BC65A282EF28900CE2307 /* LaunchScreen.storyboard in Resources */,
				228BC640282EECD800CE2307 /* MovieDetailsView.xib in Resources */,
				228BC643282EECD800CE2307 /* MovieDetailsFooterView.xib in Resources */,
				228BC64B282EECD800CE2307 /* MovieDetailsHeaderView.xib in Resources */,
				228BC61F282EECD800CE2307 /* LoadingView.xib in Resources */,
				228BC638282EECD800CE2307 /* Assets.xcassets in Resources */,
				228BC61C282EECD800CE2307 /* LoadingCell.xib in Resources */,
				228BC628282EECD800CE2307 /* MovieDetailsHeader.strings in Resources */,
				228BC648282EECD800CE2307 /* SimilarMovieCell.xib in Resources */,
				228BC626282EECD800CE2307 /* Default.strings in Resources */,
				228BC627282EECD800CE2307 /* MovieDetailsFooter.strings in Resources */,
			);
			runOnlyForDeploymentPostprocessing = 0;
		};
		228BC59A282EEC0D00CE2307 /* Resources */ = {
			isa = PBXResourcesBuildPhase;
			buildActionMask = 2147483647;
			files = (
			);
			runOnlyForDeploymentPostprocessing = 0;
		};
		228BC5A4282EEC0D00CE2307 /* Resources */ = {
			isa = PBXResourcesBuildPhase;
			buildActionMask = 2147483647;
			files = (
			);
			runOnlyForDeploymentPostprocessing = 0;
		};
/* End PBXResourcesBuildPhase section */

/* Begin PBXShellScriptBuildPhase section */
		3E8DD917B439D0FC7D146EC3 /* [CP] Check Pods Manifest.lock */ = {
			isa = PBXShellScriptBuildPhase;
			buildActionMask = 2147483647;
			files = (
			);
			inputFileListPaths = (
			);
			inputPaths = (
				"${PODS_PODFILE_DIR_PATH}/Podfile.lock",
				"${PODS_ROOT}/Manifest.lock",
			);
			name = "[CP] Check Pods Manifest.lock";
			outputFileListPaths = (
			);
			outputPaths = (
				"$(DERIVED_FILE_DIR)/Pods-WellTVTests-checkManifestLockResult.txt",
			);
			runOnlyForDeploymentPostprocessing = 0;
			shellPath = /bin/sh;
			shellScript = "diff \"${PODS_PODFILE_DIR_PATH}/Podfile.lock\" \"${PODS_ROOT}/Manifest.lock\" > /dev/null\nif [ $? != 0 ] ; then\n    # print error to STDERR\n    echo \"error: The sandbox is not in sync with the Podfile.lock. Run 'pod install' or update your CocoaPods installation.\" >&2\n    exit 1\nfi\n# This output is used by Xcode 'outputs' to avoid re-running this script phase.\necho \"SUCCESS\" > \"${SCRIPT_OUTPUT_FILE_0}\"\n";
			showEnvVarsInLog = 0;
		};
		5867F374C27D86A90C0798D5 /* [CP] Check Pods Manifest.lock */ = {
			isa = PBXShellScriptBuildPhase;
			buildActionMask = 2147483647;
			files = (
			);
			inputFileListPaths = (
			);
			inputPaths = (
				"${PODS_PODFILE_DIR_PATH}/Podfile.lock",
				"${PODS_ROOT}/Manifest.lock",
			);
			name = "[CP] Check Pods Manifest.lock";
			outputFileListPaths = (
			);
			outputPaths = (
				"$(DERIVED_FILE_DIR)/Pods-WellTV-checkManifestLockResult.txt",
			);
			runOnlyForDeploymentPostprocessing = 0;
			shellPath = /bin/sh;
			shellScript = "diff \"${PODS_PODFILE_DIR_PATH}/Podfile.lock\" \"${PODS_ROOT}/Manifest.lock\" > /dev/null\nif [ $? != 0 ] ; then\n    # print error to STDERR\n    echo \"error: The sandbox is not in sync with the Podfile.lock. Run 'pod install' or update your CocoaPods installation.\" >&2\n    exit 1\nfi\n# This output is used by Xcode 'outputs' to avoid re-running this script phase.\necho \"SUCCESS\" > \"${SCRIPT_OUTPUT_FILE_0}\"\n";
			showEnvVarsInLog = 0;
		};
		E14802F71F77F4B971371D8D /* [CP] Embed Pods Frameworks */ = {
			isa = PBXShellScriptBuildPhase;
			buildActionMask = 2147483647;
			files = (
			);
			inputFileListPaths = (
				"${PODS_ROOT}/Target Support Files/Pods-WellTV/Pods-WellTV-frameworks-${CONFIGURATION}-input-files.xcfilelist",
			);
			name = "[CP] Embed Pods Frameworks";
			outputFileListPaths = (
				"${PODS_ROOT}/Target Support Files/Pods-WellTV/Pods-WellTV-frameworks-${CONFIGURATION}-output-files.xcfilelist",
			);
			runOnlyForDeploymentPostprocessing = 0;
			shellPath = /bin/sh;
			shellScript = "\"${PODS_ROOT}/Target Support Files/Pods-WellTV/Pods-WellTV-frameworks.sh\"\n";
			showEnvVarsInLog = 0;
		};
		F2A6277D44A5CDEA29AA8D5A /* [CP] Check Pods Manifest.lock */ = {
			isa = PBXShellScriptBuildPhase;
			buildActionMask = 2147483647;
			files = (
			);
			inputFileListPaths = (
			);
			inputPaths = (
				"${PODS_PODFILE_DIR_PATH}/Podfile.lock",
				"${PODS_ROOT}/Manifest.lock",
			);
			name = "[CP] Check Pods Manifest.lock";
			outputFileListPaths = (
			);
			outputPaths = (
				"$(DERIVED_FILE_DIR)/Pods-WellTVUITests-checkManifestLockResult.txt",
			);
			runOnlyForDeploymentPostprocessing = 0;
			shellPath = /bin/sh;
			shellScript = "diff \"${PODS_PODFILE_DIR_PATH}/Podfile.lock\" \"${PODS_ROOT}/Manifest.lock\" > /dev/null\nif [ $? != 0 ] ; then\n    # print error to STDERR\n    echo \"error: The sandbox is not in sync with the Podfile.lock. Run 'pod install' or update your CocoaPods installation.\" >&2\n    exit 1\nfi\n# This output is used by Xcode 'outputs' to avoid re-running this script phase.\necho \"SUCCESS\" > \"${SCRIPT_OUTPUT_FILE_0}\"\n";
			showEnvVarsInLog = 0;
		};
/* End PBXShellScriptBuildPhase section */

/* Begin PBXSourcesBuildPhase section */
		228BC582282EEC0900CE2307 /* Sources */ = {
			isa = PBXSourcesBuildPhase;
			buildActionMask = 2147483647;
			files = (
				228BC623282EECD800CE2307 /* ReusableView.swift in Sources */,
				228BC632282EECD800CE2307 /* MovieFactory.swift in Sources */,
				228BC645282EECD800CE2307 /* SimilarMovieCell.swift in Sources */,
				228BC63D282EECD800CE2307 /* APIHost.swift in Sources */,
				228BC62A282EECD800CE2307 /* String+Moya.swift in Sources */,
				228BC64D282EECD800CE2307 /* MovieDetailsHeaderView.swift in Sources */,
				228BC635282EECD800CE2307 /* Genres.swift in Sources */,
				228BC633282EECD800CE2307 /* Images.swift in Sources */,
				228BC630282EECD800CE2307 /* UITableView+Reusable.swift in Sources */,
				228BC641282EECD800CE2307 /* MovieDetailsFooterView.swift in Sources */,
				228BC62F282EECD800CE2307 /* UIView+Nib.swift in Sources */,
				228BC659282EECD800CE2307 /* CoordinatorProtocol.swift in Sources */,
				228BC63E282EECD800CE2307 /* MovieRoutes.swift in Sources */,
				228BC58E282EEC0900CE2307 /* ViewController.swift in Sources */,
				228BC63F282EECD800CE2307 /* GenreRoutes.swift in Sources */,
				228BC64C282EECD800CE2307 /* MovieDetailsHeaderViewModel.swift in Sources */,
				228BC625282EECD800CE2307 /* TableSectionProtocol.swift in Sources */,
				228BC58A282EEC0900CE2307 /* AppDelegate.swift in Sources */,
				228BC62B282EECD800CE2307 /* UILabel+DynamicHeight.swift in Sources */,
				228BC652282EECD800CE2307 /* GetMovieDetailsUseCase.swift in Sources */,
				228BC622282EECD800CE2307 /* TableViewDataSource.swift in Sources */,
				228BC61D282EECD800CE2307 /* LoadingSection.swift in Sources */,
				228BC658282EECD800CE2307 /* MovieCoordinator.swift in Sources */,
				228BC64A282EECD800CE2307 /* MovieDetailsView.swift in Sources */,
				228BC64F282EECD800CE2307 /* Collection.swift in Sources */,
				228BC637282EECD800CE2307 /* GetMovieGenreListUseCase.swift in Sources */,
				228BC631282EECD800CE2307 /* UIImageView+URL.swift in Sources */,
				228BC634282EECD800CE2307 /* Colors.swift in Sources */,
				228BC651282EECD800CE2307 /* GetSimilarMoviesUseCase.swift in Sources */,
				228BC647282EECD800CE2307 /* SimilarMovieSection.swift in Sources */,
				228BC642282EECD800CE2307 /* MovieDetailsFooterViewModel.swift in Sources */,
				228BC62C282EECD800CE2307 /* UIView+NibLoadable.swift in Sources */,
				228BC63B282EECD800CE2307 /* APIProvider.swift in Sources */,
				228BC644282EECD800CE2307 /* MovieDetailsController.swift in Sources */,
				228BC656282EECD800CE2307 /* RequestError.swift in Sources */,
				228BC64E282EECD800CE2307 /* MovieDetails.swift in Sources */,
				228BC649282EECD800CE2307 /* MovieDetailsViewModel.swift in Sources */,
				228BC624282EECD800CE2307 /* Button.swift in Sources */,
				228BC58C282EEC0900CE2307 /* SceneDelegate.swift in Sources */,
				228BC62E282EECD800CE2307 /* String+Date.swift in Sources */,
				228BC61E282EECD800CE2307 /* LoadingCell.swift in Sources */,
				228BC621282EECD800CE2307 /* LoadingView.swift in Sources */,
				228BC620282EECD800CE2307 /* Loadable.swift in Sources */,
				228BC646282EECD800CE2307 /* SimilarMovieCellViewModel.swift in Sources */,
				228BC655282EECD800CE2307 /* RequestPage.swift in Sources */,
				228BC629282EECD800CE2307 /* String+Localizable.swift in Sources */,
				228BC62D282EECD800CE2307 /* MoyaResponse+Map.swift in Sources */,
				228BC636282EECD800CE2307 /* GenresModel.swift in Sources */,
				228BC650282EECD800CE2307 /* Movie.swift in Sources */,
				228BC63C282EECD800CE2307 /* APITarget.swift in Sources */,
				228BC657282EECD800CE2307 /* AppCoordinator.swift in Sources */,
			);
			runOnlyForDeploymentPostprocessing = 0;
		};
		228BC598282EEC0D00CE2307 /* Sources */ = {
			isa = PBXSourcesBuildPhase;
			buildActionMask = 2147483647;
			files = (
				228BC5A1282EEC0D00CE2307 /* WellTVTests.swift in Sources */,
			);
			runOnlyForDeploymentPostprocessing = 0;
		};
		228BC5A2282EEC0D00CE2307 /* Sources */ = {
			isa = PBXSourcesBuildPhase;
			buildActionMask = 2147483647;
			files = (
				228BC5AD282EEC0D00CE2307 /* WellTVUITestsLaunchTests.swift in Sources */,
				228BC5AB282EEC0D00CE2307 /* WellTVUITests.swift in Sources */,
			);
			runOnlyForDeploymentPostprocessing = 0;
		};
/* End PBXSourcesBuildPhase section */

/* Begin PBXTargetDependency section */
		228BC59E282EEC0D00CE2307 /* PBXTargetDependency */ = {
			isa = PBXTargetDependency;
			target = 228BC585282EEC0900CE2307 /* WellTV */;
			targetProxy = 228BC59D282EEC0D00CE2307 /* PBXContainerItemProxy */;
		};
		228BC5A8282EEC0D00CE2307 /* PBXTargetDependency */ = {
			isa = PBXTargetDependency;
			target = 228BC585282EEC0900CE2307 /* WellTV */;
			targetProxy = 228BC5A7282EEC0D00CE2307 /* PBXContainerItemProxy */;
		};
/* End PBXTargetDependency section */

/* Begin PBXVariantGroup section */
		228BC5C9282EECD800CE2307 /* Default.strings */ = {
			isa = PBXVariantGroup;
			children = (
				228BC5CA282EECD800CE2307 /* en */,
				228BC5D3282EECD800CE2307 /* pt-BR */,
			);
			name = Default.strings;
			sourceTree = "<group>";
		};
		228BC5CC282EECD800CE2307 /* MovieDetailsFooter.strings */ = {
			isa = PBXVariantGroup;
			children = (
				228BC5CD282EECD800CE2307 /* en */,
				228BC5D0282EECD800CE2307 /* pt-BR */,
			);
			name = MovieDetailsFooter.strings;
			sourceTree = "<group>";
		};
		228BC5CE282EECD800CE2307 /* MovieDetailsHeader.strings */ = {
			isa = PBXVariantGroup;
			children = (
				228BC5CF282EECD800CE2307 /* en */,
				228BC5D1282EECD800CE2307 /* pt-BR */,
			);
			name = MovieDetailsHeader.strings;
			sourceTree = "<group>";
		};
		228BC5E9282EECD800CE2307 /* LaunchScreen.storyboard */ = {
			isa = PBXVariantGroup;
			children = (
				228BC5EA282EECD800CE2307 /* Base */,
			);
			name = LaunchScreen.storyboard;
			sourceTree = "<group>";
		};
/* End PBXVariantGroup section */

/* Begin XCBuildConfiguration section */
		228BC5AE282EEC0D00CE2307 /* Debug */ = {
			isa = XCBuildConfiguration;
			buildSettings = {
				ALWAYS_SEARCH_USER_PATHS = NO;
				CLANG_ANALYZER_NONNULL = YES;
				CLANG_ANALYZER_NUMBER_OBJECT_CONVERSION = YES_AGGRESSIVE;
				CLANG_CXX_LANGUAGE_STANDARD = "gnu++17";
				CLANG_ENABLE_MODULES = YES;
				CLANG_ENABLE_OBJC_ARC = YES;
				CLANG_ENABLE_OBJC_WEAK = YES;
				CLANG_WARN_BLOCK_CAPTURE_AUTORELEASING = YES;
				CLANG_WARN_BOOL_CONVERSION = YES;
				CLANG_WARN_COMMA = YES;
				CLANG_WARN_CONSTANT_CONVERSION = YES;
				CLANG_WARN_DEPRECATED_OBJC_IMPLEMENTATIONS = YES;
				CLANG_WARN_DIRECT_OBJC_ISA_USAGE = YES_ERROR;
				CLANG_WARN_DOCUMENTATION_COMMENTS = YES;
				CLANG_WARN_EMPTY_BODY = YES;
				CLANG_WARN_ENUM_CONVERSION = YES;
				CLANG_WARN_INFINITE_RECURSION = YES;
				CLANG_WARN_INT_CONVERSION = YES;
				CLANG_WARN_NON_LITERAL_NULL_CONVERSION = YES;
				CLANG_WARN_OBJC_IMPLICIT_RETAIN_SELF = YES;
				CLANG_WARN_OBJC_LITERAL_CONVERSION = YES;
				CLANG_WARN_OBJC_ROOT_CLASS = YES_ERROR;
				CLANG_WARN_QUOTED_INCLUDE_IN_FRAMEWORK_HEADER = YES;
				CLANG_WARN_RANGE_LOOP_ANALYSIS = YES;
				CLANG_WARN_STRICT_PROTOTYPES = YES;
				CLANG_WARN_SUSPICIOUS_MOVE = YES;
				CLANG_WARN_UNGUARDED_AVAILABILITY = YES_AGGRESSIVE;
				CLANG_WARN_UNREACHABLE_CODE = YES;
				CLANG_WARN__DUPLICATE_METHOD_MATCH = YES;
				COPY_PHASE_STRIP = NO;
				DEBUG_INFORMATION_FORMAT = dwarf;
				ENABLE_STRICT_OBJC_MSGSEND = YES;
				ENABLE_TESTABILITY = YES;
				GCC_C_LANGUAGE_STANDARD = gnu11;
				GCC_DYNAMIC_NO_PIC = NO;
				GCC_NO_COMMON_BLOCKS = YES;
				GCC_OPTIMIZATION_LEVEL = 0;
				GCC_PREPROCESSOR_DEFINITIONS = (
					"DEBUG=1",
					"$(inherited)",
				);
				GCC_WARN_64_TO_32_BIT_CONVERSION = YES;
				GCC_WARN_ABOUT_RETURN_TYPE = YES_ERROR;
				GCC_WARN_UNDECLARED_SELECTOR = YES;
				GCC_WARN_UNINITIALIZED_AUTOS = YES_AGGRESSIVE;
				GCC_WARN_UNUSED_FUNCTION = YES;
				GCC_WARN_UNUSED_VARIABLE = YES;
				IPHONEOS_DEPLOYMENT_TARGET = 13.0;
				MTL_ENABLE_DEBUG_INFO = INCLUDE_SOURCE;
				MTL_FAST_MATH = YES;
				ONLY_ACTIVE_ARCH = YES;
				SDKROOT = iphoneos;
				SWIFT_ACTIVE_COMPILATION_CONDITIONS = DEBUG;
				SWIFT_OPTIMIZATION_LEVEL = "-Onone";
			};
			name = Debug;
		};
		228BC5AF282EEC0D00CE2307 /* Release */ = {
			isa = XCBuildConfiguration;
			buildSettings = {
				ALWAYS_SEARCH_USER_PATHS = NO;
				CLANG_ANALYZER_NONNULL = YES;
				CLANG_ANALYZER_NUMBER_OBJECT_CONVERSION = YES_AGGRESSIVE;
				CLANG_CXX_LANGUAGE_STANDARD = "gnu++17";
				CLANG_ENABLE_MODULES = YES;
				CLANG_ENABLE_OBJC_ARC = YES;
				CLANG_ENABLE_OBJC_WEAK = YES;
				CLANG_WARN_BLOCK_CAPTURE_AUTORELEASING = YES;
				CLANG_WARN_BOOL_CONVERSION = YES;
				CLANG_WARN_COMMA = YES;
				CLANG_WARN_CONSTANT_CONVERSION = YES;
				CLANG_WARN_DEPRECATED_OBJC_IMPLEMENTATIONS = YES;
				CLANG_WARN_DIRECT_OBJC_ISA_USAGE = YES_ERROR;
				CLANG_WARN_DOCUMENTATION_COMMENTS = YES;
				CLANG_WARN_EMPTY_BODY = YES;
				CLANG_WARN_ENUM_CONVERSION = YES;
				CLANG_WARN_INFINITE_RECURSION = YES;
				CLANG_WARN_INT_CONVERSION = YES;
				CLANG_WARN_NON_LITERAL_NULL_CONVERSION = YES;
				CLANG_WARN_OBJC_IMPLICIT_RETAIN_SELF = YES;
				CLANG_WARN_OBJC_LITERAL_CONVERSION = YES;
				CLANG_WARN_OBJC_ROOT_CLASS = YES_ERROR;
				CLANG_WARN_QUOTED_INCLUDE_IN_FRAMEWORK_HEADER = YES;
				CLANG_WARN_RANGE_LOOP_ANALYSIS = YES;
				CLANG_WARN_STRICT_PROTOTYPES = YES;
				CLANG_WARN_SUSPICIOUS_MOVE = YES;
				CLANG_WARN_UNGUARDED_AVAILABILITY = YES_AGGRESSIVE;
				CLANG_WARN_UNREACHABLE_CODE = YES;
				CLANG_WARN__DUPLICATE_METHOD_MATCH = YES;
				COPY_PHASE_STRIP = NO;
				DEBUG_INFORMATION_FORMAT = "dwarf-with-dsym";
				ENABLE_NS_ASSERTIONS = NO;
				ENABLE_STRICT_OBJC_MSGSEND = YES;
				GCC_C_LANGUAGE_STANDARD = gnu11;
				GCC_NO_COMMON_BLOCKS = YES;
				GCC_WARN_64_TO_32_BIT_CONVERSION = YES;
				GCC_WARN_ABOUT_RETURN_TYPE = YES_ERROR;
				GCC_WARN_UNDECLARED_SELECTOR = YES;
				GCC_WARN_UNINITIALIZED_AUTOS = YES_AGGRESSIVE;
				GCC_WARN_UNUSED_FUNCTION = YES;
				GCC_WARN_UNUSED_VARIABLE = YES;
				IPHONEOS_DEPLOYMENT_TARGET = 13.0;
				MTL_ENABLE_DEBUG_INFO = NO;
				MTL_FAST_MATH = YES;
				SDKROOT = iphoneos;
				SWIFT_COMPILATION_MODE = wholemodule;
				SWIFT_OPTIMIZATION_LEVEL = "-O";
				VALIDATE_PRODUCT = YES;
			};
			name = Release;
		};
		228BC5B1282EEC0D00CE2307 /* Debug */ = {
			isa = XCBuildConfiguration;
			baseConfigurationReference = 3DC86E8244CD85FA5A7E00DB /* Pods-WellTV.debug.xcconfig */;
			buildSettings = {
				ASSETCATALOG_COMPILER_APPICON_NAME = AppIcon;
				ASSETCATALOG_COMPILER_GLOBAL_ACCENT_COLOR_NAME = AccentColor;
				CODE_SIGN_STYLE = Automatic;
				CURRENT_PROJECT_VERSION = 1;
				DEVELOPMENT_TEAM = 4T9982ARBA;
				GENERATE_INFOPLIST_FILE = YES;
				INFOPLIST_FILE = "WellTV/Supporting Files/Info.plist";
				INFOPLIST_KEY_UIApplicationSupportsIndirectInputEvents = YES;
				INFOPLIST_KEY_UILaunchStoryboardName = LaunchScreen;
				INFOPLIST_KEY_UIMainStoryboardFile = "";
				INFOPLIST_KEY_UISupportedInterfaceOrientations_iPad = "UIInterfaceOrientationPortrait UIInterfaceOrientationPortraitUpsideDown UIInterfaceOrientationLandscapeLeft UIInterfaceOrientationLandscapeRight";
				INFOPLIST_KEY_UISupportedInterfaceOrientations_iPhone = "UIInterfaceOrientationPortrait UIInterfaceOrientationLandscapeLeft UIInterfaceOrientationLandscapeRight";
				LD_RUNPATH_SEARCH_PATHS = (
					"$(inherited)",
					"@executable_path/Frameworks",
				);
				MARKETING_VERSION = 1.0;
				PRODUCT_BUNDLE_IDENTIFIER = com.wnhirsch.welltv;
				PRODUCT_NAME = "$(TARGET_NAME)";
				SWIFT_EMIT_LOC_STRINGS = YES;
				SWIFT_VERSION = 5.0;
				TARGETED_DEVICE_FAMILY = "1,2";
			};
			name = Debug;
		};
		228BC5B2282EEC0D00CE2307 /* Release */ = {
			isa = XCBuildConfiguration;
			baseConfigurationReference = A251D985E11370EA7F9A0F7C /* Pods-WellTV.release.xcconfig */;
			buildSettings = {
				ASSETCATALOG_COMPILER_APPICON_NAME = AppIcon;
				ASSETCATALOG_COMPILER_GLOBAL_ACCENT_COLOR_NAME = AccentColor;
				CODE_SIGN_STYLE = Automatic;
				CURRENT_PROJECT_VERSION = 1;
				DEVELOPMENT_TEAM = 4T9982ARBA;
				GENERATE_INFOPLIST_FILE = YES;
				INFOPLIST_FILE = "WellTV/Supporting Files/Info.plist";
				INFOPLIST_KEY_UIApplicationSupportsIndirectInputEvents = YES;
				INFOPLIST_KEY_UILaunchStoryboardName = LaunchScreen;
				INFOPLIST_KEY_UIMainStoryboardFile = "";
				INFOPLIST_KEY_UISupportedInterfaceOrientations_iPad = "UIInterfaceOrientationPortrait UIInterfaceOrientationPortraitUpsideDown UIInterfaceOrientationLandscapeLeft UIInterfaceOrientationLandscapeRight";
				INFOPLIST_KEY_UISupportedInterfaceOrientations_iPhone = "UIInterfaceOrientationPortrait UIInterfaceOrientationLandscapeLeft UIInterfaceOrientationLandscapeRight";
				LD_RUNPATH_SEARCH_PATHS = (
					"$(inherited)",
					"@executable_path/Frameworks",
				);
				MARKETING_VERSION = 1.0;
				PRODUCT_BUNDLE_IDENTIFIER = com.wnhirsch.welltv;
				PRODUCT_NAME = "$(TARGET_NAME)";
				SWIFT_EMIT_LOC_STRINGS = YES;
				SWIFT_VERSION = 5.0;
				TARGETED_DEVICE_FAMILY = "1,2";
			};
			name = Release;
		};
		228BC5B4282EEC0D00CE2307 /* Debug */ = {
			isa = XCBuildConfiguration;
			baseConfigurationReference = B7FD3F1F64A014019DFFAAA0 /* Pods-WellTVTests.debug.xcconfig */;
			buildSettings = {
				ALWAYS_EMBED_SWIFT_STANDARD_LIBRARIES = YES;
				BUNDLE_LOADER = "$(TEST_HOST)";
				CODE_SIGN_STYLE = Automatic;
				CURRENT_PROJECT_VERSION = 1;
				DEVELOPMENT_TEAM = 4T9982ARBA;
				GENERATE_INFOPLIST_FILE = YES;
				IPHONEOS_DEPLOYMENT_TARGET = 15.4;
				MARKETING_VERSION = 1.0;
				PRODUCT_BUNDLE_IDENTIFIER = "com.wnhirsch.Well-TVTests";
				PRODUCT_NAME = "$(TARGET_NAME)";
				SWIFT_EMIT_LOC_STRINGS = NO;
				SWIFT_VERSION = 5.0;
				TARGETED_DEVICE_FAMILY = "1,2";
				TEST_HOST = "$(BUILT_PRODUCTS_DIR)/WellTV.app/WellTV";
			};
			name = Debug;
		};
		228BC5B5282EEC0D00CE2307 /* Release */ = {
			isa = XCBuildConfiguration;
			baseConfigurationReference = E6E528BC4FC9BD7168C06D0E /* Pods-WellTVTests.release.xcconfig */;
			buildSettings = {
				ALWAYS_EMBED_SWIFT_STANDARD_LIBRARIES = YES;
				BUNDLE_LOADER = "$(TEST_HOST)";
				CODE_SIGN_STYLE = Automatic;
				CURRENT_PROJECT_VERSION = 1;
				DEVELOPMENT_TEAM = 4T9982ARBA;
				GENERATE_INFOPLIST_FILE = YES;
				IPHONEOS_DEPLOYMENT_TARGET = 15.4;
				MARKETING_VERSION = 1.0;
				PRODUCT_BUNDLE_IDENTIFIER = "com.wnhirsch.Well-TVTests";
				PRODUCT_NAME = "$(TARGET_NAME)";
				SWIFT_EMIT_LOC_STRINGS = NO;
				SWIFT_VERSION = 5.0;
				TARGETED_DEVICE_FAMILY = "1,2";
				TEST_HOST = "$(BUILT_PRODUCTS_DIR)/WellTV.app/WellTV";
			};
			name = Release;
		};
		228BC5B7282EEC0D00CE2307 /* Debug */ = {
			isa = XCBuildConfiguration;
			baseConfigurationReference = 15A92B548A715529932C831F /* Pods-WellTVUITests.debug.xcconfig */;
			buildSettings = {
				ALWAYS_EMBED_SWIFT_STANDARD_LIBRARIES = YES;
				CODE_SIGN_STYLE = Automatic;
				CURRENT_PROJECT_VERSION = 1;
				DEVELOPMENT_TEAM = 4T9982ARBA;
				GENERATE_INFOPLIST_FILE = YES;
				MARKETING_VERSION = 1.0;
				PRODUCT_BUNDLE_IDENTIFIER = "com.wnhirsch.Well-TVUITests";
				PRODUCT_NAME = "$(TARGET_NAME)";
				SWIFT_EMIT_LOC_STRINGS = NO;
				SWIFT_VERSION = 5.0;
				TARGETED_DEVICE_FAMILY = "1,2";
				TEST_TARGET_NAME = "Well TV";
			};
			name = Debug;
		};
		228BC5B8282EEC0D00CE2307 /* Release */ = {
			isa = XCBuildConfiguration;
			baseConfigurationReference = 067629CCC0D69F8C4BDF1E90 /* Pods-WellTVUITests.release.xcconfig */;
			buildSettings = {
				ALWAYS_EMBED_SWIFT_STANDARD_LIBRARIES = YES;
				CODE_SIGN_STYLE = Automatic;
				CURRENT_PROJECT_VERSION = 1;
				DEVELOPMENT_TEAM = 4T9982ARBA;
				GENERATE_INFOPLIST_FILE = YES;
				MARKETING_VERSION = 1.0;
				PRODUCT_BUNDLE_IDENTIFIER = "com.wnhirsch.Well-TVUITests";
				PRODUCT_NAME = "$(TARGET_NAME)";
				SWIFT_EMIT_LOC_STRINGS = NO;
				SWIFT_VERSION = 5.0;
				TARGETED_DEVICE_FAMILY = "1,2";
				TEST_TARGET_NAME = "Well TV";
			};
			name = Release;
		};
/* End XCBuildConfiguration section */

/* Begin XCConfigurationList section */
		228BC581282EEC0900CE2307 /* Build configuration list for PBXProject "WellTV" */ = {
			isa = XCConfigurationList;
			buildConfigurations = (
				228BC5AE282EEC0D00CE2307 /* Debug */,
				228BC5AF282EEC0D00CE2307 /* Release */,
			);
			defaultConfigurationIsVisible = 0;
			defaultConfigurationName = Release;
		};
		228BC5B0282EEC0D00CE2307 /* Build configuration list for PBXNativeTarget "WellTV" */ = {
			isa = XCConfigurationList;
			buildConfigurations = (
				228BC5B1282EEC0D00CE2307 /* Debug */,
				228BC5B2282EEC0D00CE2307 /* Release */,
			);
			defaultConfigurationIsVisible = 0;
			defaultConfigurationName = Release;
		};
		228BC5B3282EEC0D00CE2307 /* Build configuration list for PBXNativeTarget "WellTVTests" */ = {
			isa = XCConfigurationList;
			buildConfigurations = (
				228BC5B4282EEC0D00CE2307 /* Debug */,
				228BC5B5282EEC0D00CE2307 /* Release */,
			);
			defaultConfigurationIsVisible = 0;
			defaultConfigurationName = Release;
		};
		228BC5B6282EEC0D00CE2307 /* Build configuration list for PBXNativeTarget "WellTVUITests" */ = {
			isa = XCConfigurationList;
			buildConfigurations = (
				228BC5B7282EEC0D00CE2307 /* Debug */,
				228BC5B8282EEC0D00CE2307 /* Release */,
			);
			defaultConfigurationIsVisible = 0;
			defaultConfigurationName = Release;
		};
/* End XCConfigurationList section */
	};
	rootObject = 228BC57E282EEC0900CE2307 /* Project object */;
}
