// !$*UTF8*$!
{
	archiveVersion = 1;
	classes = {
	};
	objectVersion = 55;
	objects = {

/* Begin PBXBuildFile section */
		226C37F4283283ED006C6595 /* Repository.Show.swift in Sources */ = {isa = PBXBuildFile; fileRef = 226C37F3283283ED006C6595 /* Repository.Show.swift */; };
		226C37F62832868C006C6595 /* Coordinator.Show.swift in Sources */ = {isa = PBXBuildFile; fileRef = 226C37F52832868C006C6595 /* Coordinator.Show.swift */; };
		226C37FD28328D5A006C6595 /* CodeView.swift in Sources */ = {isa = PBXBuildFile; fileRef = 226C37FC28328D5A006C6595 /* CodeView.swift */; };
		226C380028328E30006C6595 /* Show.List.View.swift in Sources */ = {isa = PBXBuildFile; fileRef = 226C37FF28328E30006C6595 /* Show.List.View.swift */; };
		226C380228329013006C6595 /* Show.List.ViewController.swift in Sources */ = {isa = PBXBuildFile; fileRef = 226C380128329013006C6595 /* Show.List.ViewController.swift */; };
		226C38042832901A006C6595 /* Show.List.ViewModel.swift in Sources */ = {isa = PBXBuildFile; fileRef = 226C38032832901A006C6595 /* Show.List.ViewModel.swift */; };
		226C380628329088006C6595 /* Scene.swift in Sources */ = {isa = PBXBuildFile; fileRef = 226C380528329088006C6595 /* Scene.swift */; };
		226C3808283290BD006C6595 /* Scene.Show.swift in Sources */ = {isa = PBXBuildFile; fileRef = 226C3807283290BD006C6595 /* Scene.Show.swift */; };
		226C380B28329D20006C6595 /* Model.swift in Sources */ = {isa = PBXBuildFile; fileRef = 226C380A28329D20006C6595 /* Model.swift */; };
		226C380D28329D5C006C6595 /* Model.Show.swift in Sources */ = {isa = PBXBuildFile; fileRef = 226C380C28329D5C006C6595 /* Model.Show.swift */; };
		226C38122832A5AE006C6595 /* Repository.swift in Sources */ = {isa = PBXBuildFile; fileRef = 226C38112832A5AE006C6595 /* Repository.swift */; };
		226C38152832A618006C6595 /* Worker.swift in Sources */ = {isa = PBXBuildFile; fileRef = 226C38142832A618006C6595 /* Worker.swift */; };
		226C38172832A655006C6595 /* Worker.Show.swift in Sources */ = {isa = PBXBuildFile; fileRef = 226C38162832A655006C6595 /* Worker.Show.swift */; };
		228BC58A282EEC0900CE2307 /* AppDelegate.swift in Sources */ = {isa = PBXBuildFile; fileRef = 228BC589282EEC0900CE2307 /* AppDelegate.swift */; };
		228BC58C282EEC0900CE2307 /* SceneDelegate.swift in Sources */ = {isa = PBXBuildFile; fileRef = 228BC58B282EEC0900CE2307 /* SceneDelegate.swift */; };
		228BC58E282EEC0900CE2307 /* ViewController.swift in Sources */ = {isa = PBXBuildFile; fileRef = 228BC58D282EEC0900CE2307 /* ViewController.swift */; };
		228BC5A1282EEC0D00CE2307 /* WellTVTests.swift in Sources */ = {isa = PBXBuildFile; fileRef = 228BC5A0282EEC0D00CE2307 /* WellTVTests.swift */; };
		228BC5AB282EEC0D00CE2307 /* WellTVUITests.swift in Sources */ = {isa = PBXBuildFile; fileRef = 228BC5AA282EEC0D00CE2307 /* WellTVUITests.swift */; };
		228BC5AD282EEC0D00CE2307 /* WellTVUITestsLaunchTests.swift in Sources */ = {isa = PBXBuildFile; fileRef = 228BC5AC282EEC0D00CE2307 /* WellTVUITestsLaunchTests.swift */; };
		228BC620282EECD800CE2307 /* Loadable.swift in Sources */ = {isa = PBXBuildFile; fileRef = 228BC5C2282EECD800CE2307 /* Loadable.swift */; };
		228BC621282EECD800CE2307 /* LoadingView.swift in Sources */ = {isa = PBXBuildFile; fileRef = 228BC5C3282EECD800CE2307 /* LoadingView.swift */; };
		228BC623282EECD800CE2307 /* ReusableView.swift in Sources */ = {isa = PBXBuildFile; fileRef = 228BC5C5282EECD800CE2307 /* ReusableView.swift */; };
		228BC624282EECD800CE2307 /* Button.swift in Sources */ = {isa = PBXBuildFile; fileRef = 228BC5C6282EECD800CE2307 /* Button.swift */; };
		228BC626282EECD800CE2307 /* Default.strings in Resources */ = {isa = PBXBuildFile; fileRef = 228BC5C9282EECD800CE2307 /* Default.strings */; };
		228BC627282EECD800CE2307 /* MovieDetailsFooter.strings in Resources */ = {isa = PBXBuildFile; fileRef = 228BC5CC282EECD800CE2307 /* MovieDetailsFooter.strings */; };
		228BC628282EECD800CE2307 /* MovieDetailsHeader.strings in Resources */ = {isa = PBXBuildFile; fileRef = 228BC5CE282EECD800CE2307 /* MovieDetailsHeader.strings */; };
		228BC629282EECD800CE2307 /* String+Localizable.swift in Sources */ = {isa = PBXBuildFile; fileRef = 228BC5D2282EECD800CE2307 /* String+Localizable.swift */; };
		228BC62D282EECD800CE2307 /* MoyaResponse+Map.swift in Sources */ = {isa = PBXBuildFile; fileRef = 228BC5D8282EECD800CE2307 /* MoyaResponse+Map.swift */; };
		228BC62E282EECD800CE2307 /* String+Date.swift in Sources */ = {isa = PBXBuildFile; fileRef = 228BC5D9282EECD800CE2307 /* String+Date.swift */; };
		228BC630282EECD800CE2307 /* UITableView+Reusable.swift in Sources */ = {isa = PBXBuildFile; fileRef = 228BC5DB282EECD800CE2307 /* UITableView+Reusable.swift */; };
		228BC631282EECD800CE2307 /* UIImageView+URL.swift in Sources */ = {isa = PBXBuildFile; fileRef = 228BC5DC282EECD800CE2307 /* UIImageView+URL.swift */; };
		228BC633282EECD800CE2307 /* Images.swift in Sources */ = {isa = PBXBuildFile; fileRef = 228BC5E0282EECD800CE2307 /* Images.swift */; };
		228BC634282EECD800CE2307 /* Colors.swift in Sources */ = {isa = PBXBuildFile; fileRef = 228BC5E1282EECD800CE2307 /* Colors.swift */; };
		228BC638282EECD800CE2307 /* Assets.xcassets in Resources */ = {isa = PBXBuildFile; fileRef = 228BC5E8282EECD800CE2307 /* Assets.xcassets */; };
		228BC63B282EECD800CE2307 /* APIProvider.swift in Sources */ = {isa = PBXBuildFile; fileRef = 228BC5EE282EECD800CE2307 /* APIProvider.swift */; };
		228BC63C282EECD800CE2307 /* APITarget.swift in Sources */ = {isa = PBXBuildFile; fileRef = 228BC5EF282EECD800CE2307 /* APITarget.swift */; };
		228BC63D282EECD800CE2307 /* APIHost.swift in Sources */ = {isa = PBXBuildFile; fileRef = 228BC5F0282EECD800CE2307 /* APIHost.swift */; };
		228BC657282EECD800CE2307 /* Coordinator.App.swift in Sources */ = {isa = PBXBuildFile; fileRef = 228BC618282EECD800CE2307 /* Coordinator.App.swift */; };
		228BC659282EECD800CE2307 /* CoordinatorProtocol.swift in Sources */ = {isa = PBXBuildFile; fileRef = 228BC61A282EECD800CE2307 /* CoordinatorProtocol.swift */; };
		228BC65A282EF28900CE2307 /* LaunchScreen.storyboard in Resources */ = {isa = PBXBuildFile; fileRef = 228BC5E9282EECD800CE2307 /* LaunchScreen.storyboard */; };
		22C6481A2832AC860099BA83 /* Show.List.View.Cell.swift in Sources */ = {isa = PBXBuildFile; fileRef = 22C648192832AC860099BA83 /* Show.List.View.Cell.swift */; };
		49DFB145BC1D50CA2C1A4FCB /* Pods_WellTVTests.framework in Frameworks */ = {isa = PBXBuildFile; fileRef = A50956D345B90FFD2E45C6CC /* Pods_WellTVTests.framework */; };
		AA8C92EB59E46D5683E12736 /* Pods_WellTV.framework in Frameworks */ = {isa = PBXBuildFile; fileRef = 12D555F8DE91B498CAFBE876 /* Pods_WellTV.framework */; };
		EF820AD95007F6D1E844ABBA /* Pods_WellTVUITests.framework in Frameworks */ = {isa = PBXBuildFile; fileRef = 87A3B2D13D4149D1071031F8 /* Pods_WellTVUITests.framework */; };
/* End PBXBuildFile section */

/* Begin PBXContainerItemProxy section */
		228BC59D282EEC0D00CE2307 /* PBXContainerItemProxy */ = {
			isa = PBXContainerItemProxy;
			containerPortal = 228BC57E282EEC0900CE2307 /* Project object */;
			proxyType = 1;
			remoteGlobalIDString = 228BC585282EEC0900CE2307;
			remoteInfo = "Well TV";
		};
		228BC5A7282EEC0D00CE2307 /* PBXContainerItemProxy */ = {
			isa = PBXContainerItemProxy;
			containerPortal = 228BC57E282EEC0900CE2307 /* Project object */;
			proxyType = 1;
			remoteGlobalIDString = 228BC585282EEC0900CE2307;
			remoteInfo = "Well TV";
		};
/* End PBXContainerItemProxy section */

/* Begin PBXFileReference section */
		067629CCC0D69F8C4BDF1E90 /* Pods-WellTVUITests.release.xcconfig */ = {isa = PBXFileReference; includeInIndex = 1; lastKnownFileType = text.xcconfig; name = "Pods-WellTVUITests.release.xcconfig"; path = "Target Support Files/Pods-WellTVUITests/Pods-WellTVUITests.release.xcconfig"; sourceTree = "<group>"; };
		0C39250122F1EA833EB7637F /* Pods-WellTV-WellTVUITests.release.xcconfig */ = {isa = PBXFileReference; includeInIndex = 1; lastKnownFileType = text.xcconfig; name = "Pods-WellTV-WellTVUITests.release.xcconfig"; path = "Target Support Files/Pods-WellTV-WellTVUITests/Pods-WellTV-WellTVUITests.release.xcconfig"; sourceTree = "<group>"; };
		12D555F8DE91B498CAFBE876 /* Pods_WellTV.framework */ = {isa = PBXFileReference; explicitFileType = wrapper.framework; includeInIndex = 0; path = Pods_WellTV.framework; sourceTree = BUILT_PRODUCTS_DIR; };
		15A92B548A715529932C831F /* Pods-WellTVUITests.debug.xcconfig */ = {isa = PBXFileReference; includeInIndex = 1; lastKnownFileType = text.xcconfig; name = "Pods-WellTVUITests.debug.xcconfig"; path = "Target Support Files/Pods-WellTVUITests/Pods-WellTVUITests.debug.xcconfig"; sourceTree = "<group>"; };
		226C37F3283283ED006C6595 /* Repository.Show.swift */ = {isa = PBXFileReference; lastKnownFileType = sourcecode.swift; path = Repository.Show.swift; sourceTree = "<group>"; };
		226C37F52832868C006C6595 /* Coordinator.Show.swift */ = {isa = PBXFileReference; lastKnownFileType = sourcecode.swift; path = Coordinator.Show.swift; sourceTree = "<group>"; };
		226C37FC28328D5A006C6595 /* CodeView.swift */ = {isa = PBXFileReference; lastKnownFileType = sourcecode.swift; path = CodeView.swift; sourceTree = "<group>"; };
		226C37FF28328E30006C6595 /* Show.List.View.swift */ = {isa = PBXFileReference; lastKnownFileType = sourcecode.swift; path = Show.List.View.swift; sourceTree = "<group>"; };
		226C380128329013006C6595 /* Show.List.ViewController.swift */ = {isa = PBXFileReference; lastKnownFileType = sourcecode.swift; path = Show.List.ViewController.swift; sourceTree = "<group>"; };
		226C38032832901A006C6595 /* Show.List.ViewModel.swift */ = {isa = PBXFileReference; lastKnownFileType = sourcecode.swift; path = Show.List.ViewModel.swift; sourceTree = "<group>"; };
		226C380528329088006C6595 /* Scene.swift */ = {isa = PBXFileReference; lastKnownFileType = sourcecode.swift; path = Scene.swift; sourceTree = "<group>"; };
		226C3807283290BD006C6595 /* Scene.Show.swift */ = {isa = PBXFileReference; lastKnownFileType = sourcecode.swift; path = Scene.Show.swift; sourceTree = "<group>"; };
		226C380A28329D20006C6595 /* Model.swift */ = {isa = PBXFileReference; lastKnownFileType = sourcecode.swift; path = Model.swift; sourceTree = "<group>"; };
		226C380C28329D5C006C6595 /* Model.Show.swift */ = {isa = PBXFileReference; lastKnownFileType = sourcecode.swift; path = Model.Show.swift; sourceTree = "<group>"; };
		226C38112832A5AE006C6595 /* Repository.swift */ = {isa = PBXFileReference; lastKnownFileType = sourcecode.swift; path = Repository.swift; sourceTree = "<group>"; };
		226C38142832A618006C6595 /* Worker.swift */ = {isa = PBXFileReference; lastKnownFileType = sourcecode.swift; path = Worker.swift; sourceTree = "<group>"; };
		226C38162832A655006C6595 /* Worker.Show.swift */ = {isa = PBXFileReference; lastKnownFileType = sourcecode.swift; path = Worker.Show.swift; sourceTree = "<group>"; };
		228BC586282EEC0900CE2307 /* WellTV.app */ = {isa = PBXFileReference; explicitFileType = wrapper.application; includeInIndex = 0; path = WellTV.app; sourceTree = BUILT_PRODUCTS_DIR; };
		228BC589282EEC0900CE2307 /* AppDelegate.swift */ = {isa = PBXFileReference; lastKnownFileType = sourcecode.swift; path = AppDelegate.swift; sourceTree = "<group>"; };
		228BC58B282EEC0900CE2307 /* SceneDelegate.swift */ = {isa = PBXFileReference; lastKnownFileType = sourcecode.swift; path = SceneDelegate.swift; sourceTree = "<group>"; };
		228BC58D282EEC0900CE2307 /* ViewController.swift */ = {isa = PBXFileReference; lastKnownFileType = sourcecode.swift; path = ViewController.swift; sourceTree = "<group>"; };
		228BC59C282EEC0D00CE2307 /* WellTVTests.xctest */ = {isa = PBXFileReference; explicitFileType = wrapper.cfbundle; includeInIndex = 0; path = WellTVTests.xctest; sourceTree = BUILT_PRODUCTS_DIR; };
		228BC5A0282EEC0D00CE2307 /* WellTVTests.swift */ = {isa = PBXFileReference; lastKnownFileType = sourcecode.swift; path = WellTVTests.swift; sourceTree = "<group>"; };
		228BC5A6282EEC0D00CE2307 /* WellTVUITests.xctest */ = {isa = PBXFileReference; explicitFileType = wrapper.cfbundle; includeInIndex = 0; path = WellTVUITests.xctest; sourceTree = BUILT_PRODUCTS_DIR; };
		228BC5AA282EEC0D00CE2307 /* WellTVUITests.swift */ = {isa = PBXFileReference; lastKnownFileType = sourcecode.swift; path = WellTVUITests.swift; sourceTree = "<group>"; };
		228BC5AC282EEC0D00CE2307 /* WellTVUITestsLaunchTests.swift */ = {isa = PBXFileReference; lastKnownFileType = sourcecode.swift; path = WellTVUITestsLaunchTests.swift; sourceTree = "<group>"; };
		228BC5C2282EECD800CE2307 /* Loadable.swift */ = {isa = PBXFileReference; fileEncoding = 4; lastKnownFileType = sourcecode.swift; path = Loadable.swift; sourceTree = "<group>"; };
		228BC5C3282EECD800CE2307 /* LoadingView.swift */ = {isa = PBXFileReference; fileEncoding = 4; lastKnownFileType = sourcecode.swift; path = LoadingView.swift; sourceTree = "<group>"; };
		228BC5C5282EECD800CE2307 /* ReusableView.swift */ = {isa = PBXFileReference; fileEncoding = 4; lastKnownFileType = sourcecode.swift; path = ReusableView.swift; sourceTree = "<group>"; };
		228BC5C6282EECD800CE2307 /* Button.swift */ = {isa = PBXFileReference; fileEncoding = 4; lastKnownFileType = sourcecode.swift; path = Button.swift; sourceTree = "<group>"; };
		228BC5CA282EECD800CE2307 /* en */ = {isa = PBXFileReference; lastKnownFileType = text.plist.strings; name = en; path = en.lproj/Default.strings; sourceTree = "<group>"; };
		228BC5CD282EECD800CE2307 /* en */ = {isa = PBXFileReference; lastKnownFileType = text.plist.strings; name = en; path = en.lproj/MovieDetailsFooter.strings; sourceTree = "<group>"; };
		228BC5CF282EECD800CE2307 /* en */ = {isa = PBXFileReference; lastKnownFileType = text.plist.strings; name = en; path = en.lproj/MovieDetailsHeader.strings; sourceTree = "<group>"; };
		228BC5D0282EECD800CE2307 /* pt-BR */ = {isa = PBXFileReference; lastKnownFileType = text.plist.strings; name = "pt-BR"; path = "pt-BR.lproj/MovieDetailsFooter.strings"; sourceTree = "<group>"; };
		228BC5D1282EECD800CE2307 /* pt-BR */ = {isa = PBXFileReference; lastKnownFileType = text.plist.strings; name = "pt-BR"; path = "pt-BR.lproj/MovieDetailsHeader.strings"; sourceTree = "<group>"; };
		228BC5D2282EECD800CE2307 /* String+Localizable.swift */ = {isa = PBXFileReference; fileEncoding = 4; lastKnownFileType = sourcecode.swift; path = "String+Localizable.swift"; sourceTree = "<group>"; };
		228BC5D3282EECD800CE2307 /* pt-BR */ = {isa = PBXFileReference; lastKnownFileType = text.plist.strings; name = "pt-BR"; path = "pt-BR.lproj/Default.strings"; sourceTree = "<group>"; };
		228BC5D8282EECD800CE2307 /* MoyaResponse+Map.swift */ = {isa = PBXFileReference; fileEncoding = 4; lastKnownFileType = sourcecode.swift; path = "MoyaResponse+Map.swift"; sourceTree = "<group>"; };
		228BC5D9282EECD800CE2307 /* String+Date.swift */ = {isa = PBXFileReference; fileEncoding = 4; lastKnownFileType = sourcecode.swift; path = "String+Date.swift"; sourceTree = "<group>"; };
		228BC5DB282EECD800CE2307 /* UITableView+Reusable.swift */ = {isa = PBXFileReference; fileEncoding = 4; lastKnownFileType = sourcecode.swift; path = "UITableView+Reusable.swift"; sourceTree = "<group>"; };
		228BC5DC282EECD800CE2307 /* UIImageView+URL.swift */ = {isa = PBXFileReference; fileEncoding = 4; lastKnownFileType = sourcecode.swift; path = "UIImageView+URL.swift"; sourceTree = "<group>"; };
		228BC5E0282EECD800CE2307 /* Images.swift */ = {isa = PBXFileReference; fileEncoding = 4; lastKnownFileType = sourcecode.swift; path = Images.swift; sourceTree = "<group>"; };
		228BC5E1282EECD800CE2307 /* Colors.swift */ = {isa = PBXFileReference; fileEncoding = 4; lastKnownFileType = sourcecode.swift; path = Colors.swift; sourceTree = "<group>"; };
		228BC5E8282EECD800CE2307 /* Assets.xcassets */ = {isa = PBXFileReference; lastKnownFileType = folder.assetcatalog; path = Assets.xcassets; sourceTree = "<group>"; };
		228BC5EA282EECD800CE2307 /* Base */ = {isa = PBXFileReference; lastKnownFileType = file.storyboard; name = Base; path = Base.lproj/LaunchScreen.storyboard; sourceTree = "<group>"; };
		228BC5EB282EECD800CE2307 /* Info.plist */ = {isa = PBXFileReference; fileEncoding = 4; lastKnownFileType = text.plist.xml; path = Info.plist; sourceTree = "<group>"; };
		228BC5EE282EECD800CE2307 /* APIProvider.swift */ = {isa = PBXFileReference; fileEncoding = 4; lastKnownFileType = sourcecode.swift; path = APIProvider.swift; sourceTree = "<group>"; };
		228BC5EF282EECD800CE2307 /* APITarget.swift */ = {isa = PBXFileReference; fileEncoding = 4; lastKnownFileType = sourcecode.swift; path = APITarget.swift; sourceTree = "<group>"; };
		228BC5F0282EECD800CE2307 /* APIHost.swift */ = {isa = PBXFileReference; fileEncoding = 4; lastKnownFileType = sourcecode.swift; path = APIHost.swift; sourceTree = "<group>"; };
		228BC618282EECD800CE2307 /* Coordinator.App.swift */ = {isa = PBXFileReference; fileEncoding = 4; lastKnownFileType = sourcecode.swift; path = Coordinator.App.swift; sourceTree = "<group>"; };
		228BC61A282EECD800CE2307 /* CoordinatorProtocol.swift */ = {isa = PBXFileReference; fileEncoding = 4; lastKnownFileType = sourcecode.swift; path = CoordinatorProtocol.swift; sourceTree = "<group>"; };
		22C648192832AC860099BA83 /* Show.List.View.Cell.swift */ = {isa = PBXFileReference; lastKnownFileType = sourcecode.swift; path = Show.List.View.Cell.swift; sourceTree = "<group>"; };
		3DC86E8244CD85FA5A7E00DB /* Pods-WellTV.debug.xcconfig */ = {isa = PBXFileReference; includeInIndex = 1; lastKnownFileType = text.xcconfig; name = "Pods-WellTV.debug.xcconfig"; path = "Target Support Files/Pods-WellTV/Pods-WellTV.debug.xcconfig"; sourceTree = "<group>"; };
		63D5779A36AE2D5AFC144180 /* Pods-WellTV-WellTVUITests.debug.xcconfig */ = {isa = PBXFileReference; includeInIndex = 1; lastKnownFileType = text.xcconfig; name = "Pods-WellTV-WellTVUITests.debug.xcconfig"; path = "Target Support Files/Pods-WellTV-WellTVUITests/Pods-WellTV-WellTVUITests.debug.xcconfig"; sourceTree = "<group>"; };
		87A3B2D13D4149D1071031F8 /* Pods_WellTVUITests.framework */ = {isa = PBXFileReference; explicitFileType = wrapper.framework; includeInIndex = 0; path = Pods_WellTVUITests.framework; sourceTree = BUILT_PRODUCTS_DIR; };
		A251D985E11370EA7F9A0F7C /* Pods-WellTV.release.xcconfig */ = {isa = PBXFileReference; includeInIndex = 1; lastKnownFileType = text.xcconfig; name = "Pods-WellTV.release.xcconfig"; path = "Target Support Files/Pods-WellTV/Pods-WellTV.release.xcconfig"; sourceTree = "<group>"; };
		A50956D345B90FFD2E45C6CC /* Pods_WellTVTests.framework */ = {isa = PBXFileReference; explicitFileType = wrapper.framework; includeInIndex = 0; path = Pods_WellTVTests.framework; sourceTree = BUILT_PRODUCTS_DIR; };
		B7FD3F1F64A014019DFFAAA0 /* Pods-WellTVTests.debug.xcconfig */ = {isa = PBXFileReference; includeInIndex = 1; lastKnownFileType = text.xcconfig; name = "Pods-WellTVTests.debug.xcconfig"; path = "Target Support Files/Pods-WellTVTests/Pods-WellTVTests.debug.xcconfig"; sourceTree = "<group>"; };
		E6E528BC4FC9BD7168C06D0E /* Pods-WellTVTests.release.xcconfig */ = {isa = PBXFileReference; includeInIndex = 1; lastKnownFileType = text.xcconfig; name = "Pods-WellTVTests.release.xcconfig"; path = "Target Support Files/Pods-WellTVTests/Pods-WellTVTests.release.xcconfig"; sourceTree = "<group>"; };
/* End PBXFileReference section */

/* Begin PBXFrameworksBuildPhase section */
		228BC583282EEC0900CE2307 /* Frameworks */ = {
			isa = PBXFrameworksBuildPhase;
			buildActionMask = 2147483647;
			files = (
				AA8C92EB59E46D5683E12736 /* Pods_WellTV.framework in Frameworks */,
			);
			runOnlyForDeploymentPostprocessing = 0;
		};
		228BC599282EEC0D00CE2307 /* Frameworks */ = {
			isa = PBXFrameworksBuildPhase;
			buildActionMask = 2147483647;
			files = (
				49DFB145BC1D50CA2C1A4FCB /* Pods_WellTVTests.framework in Frameworks */,
			);
			runOnlyForDeploymentPostprocessing = 0;
		};
		228BC5A3282EEC0D00CE2307 /* Frameworks */ = {
			isa = PBXFrameworksBuildPhase;
			buildActionMask = 2147483647;
			files = (
				EF820AD95007F6D1E844ABBA /* Pods_WellTVUITests.framework in Frameworks */,
			);
			runOnlyForDeploymentPostprocessing = 0;
		};
/* End PBXFrameworksBuildPhase section */

/* Begin PBXGroup section */
		108AC03E10A4F7373528F379 /* Frameworks */ = {
			isa = PBXGroup;
			children = (
				12D555F8DE91B498CAFBE876 /* Pods_WellTV.framework */,
				A50956D345B90FFD2E45C6CC /* Pods_WellTVTests.framework */,
				87A3B2D13D4149D1071031F8 /* Pods_WellTVUITests.framework */,
			);
			name = Frameworks;
			sourceTree = "<group>";
		};
		226C37F728328822006C6595 /* Show */ = {
			isa = PBXGroup;
			children = (
				226C37F52832868C006C6595 /* Coordinator.Show.swift */,
				226C3807283290BD006C6595 /* Scene.Show.swift */,
				226C37FE28328E05006C6595 /* Model */,
				226C380E2832A310006C6595 /* Worker */,
				226C37FB28328CA7006C6595 /* Detail */,
				226C37FA28328C6A006C6595 /* List */,
			);
			path = Show;
			sourceTree = "<group>";
		};
		226C37FA28328C6A006C6595 /* List */ = {
			isa = PBXGroup;
			children = (
				226C37FF28328E30006C6595 /* Show.List.View.swift */,
				226C380128329013006C6595 /* Show.List.ViewController.swift */,
				226C38032832901A006C6595 /* Show.List.ViewModel.swift */,
				226C38182832AC2C006C6595 /* Components */,
			);
			path = List;
			sourceTree = "<group>";
		};
		226C37FB28328CA7006C6595 /* Detail */ = {
			isa = PBXGroup;
			children = (
			);
			path = Detail;
			sourceTree = "<group>";
		};
		226C37FE28328E05006C6595 /* Model */ = {
			isa = PBXGroup;
			children = (
				226C380C28329D5C006C6595 /* Model.Show.swift */,
			);
			path = Model;
			sourceTree = "<group>";
		};
		226C380928329D18006C6595 /* Model */ = {
			isa = PBXGroup;
			children = (
				226C380A28329D20006C6595 /* Model.swift */,
			);
			path = Model;
			sourceTree = "<group>";
		};
		226C380E2832A310006C6595 /* Worker */ = {
			isa = PBXGroup;
			children = (
				226C38162832A655006C6595 /* Worker.Show.swift */,
			);
			path = Worker;
			sourceTree = "<group>";
		};
		226C38182832AC2C006C6595 /* Components */ = {
			isa = PBXGroup;
			children = (
				22C648192832AC860099BA83 /* Show.List.View.Cell.swift */,
			);
			path = Components;
			sourceTree = "<group>";
		};
		228BC57D282EEC0900CE2307 = {
			isa = PBXGroup;
			children = (
				228BC588282EEC0900CE2307 /* WellTV */,
				228BC59F282EEC0D00CE2307 /* WellTVTests */,
				228BC5A9282EEC0D00CE2307 /* WellTVUITests */,
				228BC587282EEC0900CE2307 /* Products */,
				478D4B95615E5F452357233B /* Pods */,
				108AC03E10A4F7373528F379 /* Frameworks */,
			);
			sourceTree = "<group>";
		};
		228BC587282EEC0900CE2307 /* Products */ = {
			isa = PBXGroup;
			children = (
				228BC586282EEC0900CE2307 /* WellTV.app */,
				228BC59C282EEC0D00CE2307 /* WellTVTests.xctest */,
				228BC5A6282EEC0D00CE2307 /* WellTVUITests.xctest */,
			);
			name = Products;
			sourceTree = "<group>";
		};
		228BC588282EEC0900CE2307 /* WellTV */ = {
			isa = PBXGroup;
			children = (
				228BC5EC282EECD800CE2307 /* API */,
				228BC5BA282EECD800CE2307 /* Core */,
				226C37F728328822006C6595 /* Show */,
				228BC5E7282EECD800CE2307 /* Support Files */,
				228BC589282EEC0900CE2307 /* AppDelegate.swift */,
				228BC58B282EEC0900CE2307 /* SceneDelegate.swift */,
				228BC58D282EEC0900CE2307 /* ViewController.swift */,
			);
			path = WellTV;
			sourceTree = "<group>";
		};
		228BC59F282EEC0D00CE2307 /* WellTVTests */ = {
			isa = PBXGroup;
			children = (
				228BC5A0282EEC0D00CE2307 /* WellTVTests.swift */,
			);
			path = WellTVTests;
			sourceTree = "<group>";
		};
		228BC5A9282EEC0D00CE2307 /* WellTVUITests */ = {
			isa = PBXGroup;
			children = (
				228BC5AA282EEC0D00CE2307 /* WellTVUITests.swift */,
				228BC5AC282EEC0D00CE2307 /* WellTVUITestsLaunchTests.swift */,
			);
			path = WellTVUITests;
			sourceTree = "<group>";
		};
		228BC5BA282EECD800CE2307 /* Core */ = {
			isa = PBXGroup;
			children = (
				228BC617282EECD800CE2307 /* Coordinator */,
				228BC5D4282EECD800CE2307 /* Extensions */,
				226C380928329D18006C6595 /* Model */,
				228BC5C8282EECD800CE2307 /* Strings */,
				228BC5DF282EECD800CE2307 /* Tokens */,
				228BC5BB282EECD800CE2307 /* UI */,
			);
			path = Core;
			sourceTree = "<group>";
		};
		228BC5BB282EECD800CE2307 /* UI */ = {
			isa = PBXGroup;
			children = (
				228BC5BC282EECD800CE2307 /* Loading */,
				228BC5C6282EECD800CE2307 /* Button.swift */,
				226C37FC28328D5A006C6595 /* CodeView.swift */,
				228BC5C5282EECD800CE2307 /* ReusableView.swift */,
				226C380528329088006C6595 /* Scene.swift */,
			);
			path = UI;
			sourceTree = "<group>";
		};
		228BC5BC282EECD800CE2307 /* Loading */ = {
			isa = PBXGroup;
			children = (
				228BC5C3282EECD800CE2307 /* LoadingView.swift */,
				228BC5C2282EECD800CE2307 /* Loadable.swift */,
			);
			path = Loading;
			sourceTree = "<group>";
		};
		228BC5C8282EECD800CE2307 /* Strings */ = {
			isa = PBXGroup;
			children = (
				228BC5C9282EECD800CE2307 /* Default.strings */,
				228BC5CB282EECD800CE2307 /* Show */,
				228BC5D2282EECD800CE2307 /* String+Localizable.swift */,
			);
			path = Strings;
			sourceTree = "<group>";
		};
		228BC5CB282EECD800CE2307 /* Show */ = {
			isa = PBXGroup;
			children = (
				228BC5CC282EECD800CE2307 /* MovieDetailsFooter.strings */,
				228BC5CE282EECD800CE2307 /* MovieDetailsHeader.strings */,
			);
			path = Show;
			sourceTree = "<group>";
		};
		228BC5D4282EECD800CE2307 /* Extensions */ = {
			isa = PBXGroup;
			children = (
				228BC5D8282EECD800CE2307 /* MoyaResponse+Map.swift */,
				228BC5D9282EECD800CE2307 /* String+Date.swift */,
				228BC5DB282EECD800CE2307 /* UITableView+Reusable.swift */,
				228BC5DC282EECD800CE2307 /* UIImageView+URL.swift */,
			);
			path = Extensions;
			sourceTree = "<group>";
		};
		228BC5DF282EECD800CE2307 /* Tokens */ = {
			isa = PBXGroup;
			children = (
				228BC5E0282EECD800CE2307 /* Images.swift */,
				228BC5E1282EECD800CE2307 /* Colors.swift */,
			);
			path = Tokens;
			sourceTree = "<group>";
		};
		228BC5E7282EECD800CE2307 /* Support Files */ = {
			isa = PBXGroup;
			children = (
				228BC5E8282EECD800CE2307 /* Assets.xcassets */,
				228BC5E9282EECD800CE2307 /* LaunchScreen.storyboard */,
				228BC5EB282EECD800CE2307 /* Info.plist */,
			);
			path = "Support Files";
			sourceTree = "<group>";
		};
		228BC5EC282EECD800CE2307 /* API */ = {
			isa = PBXGroup;
			children = (
				228BC5ED282EECD800CE2307 /* Setup */,
				228BC5F1282EECD800CE2307 /* Repository */,
				226C38142832A618006C6595 /* Worker.swift */,
			);
			path = API;
			sourceTree = "<group>";
		};
		228BC5ED282EECD800CE2307 /* Setup */ = {
			isa = PBXGroup;
			children = (
				228BC5EE282EECD800CE2307 /* APIProvider.swift */,
				228BC5EF282EECD800CE2307 /* APITarget.swift */,
				228BC5F0282EECD800CE2307 /* APIHost.swift */,
			);
			path = Setup;
			sourceTree = "<group>";
		};
		228BC5F1282EECD800CE2307 /* Repository */ = {
			isa = PBXGroup;
			children = (
				226C38112832A5AE006C6595 /* Repository.swift */,
				226C37F3283283ED006C6595 /* Repository.Show.swift */,
			);
			path = Repository;
			sourceTree = "<group>";
		};
		228BC617282EECD800CE2307 /* Coordinator */ = {
			isa = PBXGroup;
			children = (
				228BC61A282EECD800CE2307 /* CoordinatorProtocol.swift */,
				228BC618282EECD800CE2307 /* Coordinator.App.swift */,
			);
			path = Coordinator;
			sourceTree = "<group>";
		};
		478D4B95615E5F452357233B /* Pods */ = {
			isa = PBXGroup;
			children = (
				3DC86E8244CD85FA5A7E00DB /* Pods-WellTV.debug.xcconfig */,
				A251D985E11370EA7F9A0F7C /* Pods-WellTV.release.xcconfig */,
				63D5779A36AE2D5AFC144180 /* Pods-WellTV-WellTVUITests.debug.xcconfig */,
				0C39250122F1EA833EB7637F /* Pods-WellTV-WellTVUITests.release.xcconfig */,
				B7FD3F1F64A014019DFFAAA0 /* Pods-WellTVTests.debug.xcconfig */,
				E6E528BC4FC9BD7168C06D0E /* Pods-WellTVTests.release.xcconfig */,
				15A92B548A715529932C831F /* Pods-WellTVUITests.debug.xcconfig */,
				067629CCC0D69F8C4BDF1E90 /* Pods-WellTVUITests.release.xcconfig */,
			);
			path = Pods;
			sourceTree = "<group>";
		};
/* End PBXGroup section */

/* Begin PBXNativeTarget section */
		228BC585282EEC0900CE2307 /* WellTV */ = {
			isa = PBXNativeTarget;
			buildConfigurationList = 228BC5B0282EEC0D00CE2307 /* Build configuration list for PBXNativeTarget "WellTV" */;
			buildPhases = (
				5867F374C27D86A90C0798D5 /* [CP] Check Pods Manifest.lock */,
				228BC582282EEC0900CE2307 /* Sources */,
				228BC583282EEC0900CE2307 /* Frameworks */,
				228BC584282EEC0900CE2307 /* Resources */,
				E14802F71F77F4B971371D8D /* [CP] Embed Pods Frameworks */,
			);
			buildRules = (
			);
			dependencies = (
			);
			name = WellTV;
			productName = "Well TV";
			productReference = 228BC586282EEC0900CE2307 /* WellTV.app */;
			productType = "com.apple.product-type.application";
		};
		228BC59B282EEC0D00CE2307 /* WellTVTests */ = {
			isa = PBXNativeTarget;
			buildConfigurationList = 228BC5B3282EEC0D00CE2307 /* Build configuration list for PBXNativeTarget "WellTVTests" */;
			buildPhases = (
				3E8DD917B439D0FC7D146EC3 /* [CP] Check Pods Manifest.lock */,
				228BC598282EEC0D00CE2307 /* Sources */,
				228BC599282EEC0D00CE2307 /* Frameworks */,
				228BC59A282EEC0D00CE2307 /* Resources */,
			);
			buildRules = (
			);
			dependencies = (
				228BC59E282EEC0D00CE2307 /* PBXTargetDependency */,
			);
			name = WellTVTests;
			productName = "Well TVTests";
			productReference = 228BC59C282EEC0D00CE2307 /* WellTVTests.xctest */;
			productType = "com.apple.product-type.bundle.unit-test";
		};
		228BC5A5282EEC0D00CE2307 /* WellTVUITests */ = {
			isa = PBXNativeTarget;
			buildConfigurationList = 228BC5B6282EEC0D00CE2307 /* Build configuration list for PBXNativeTarget "WellTVUITests" */;
			buildPhases = (
				F2A6277D44A5CDEA29AA8D5A /* [CP] Check Pods Manifest.lock */,
				228BC5A2282EEC0D00CE2307 /* Sources */,
				228BC5A3282EEC0D00CE2307 /* Frameworks */,
				228BC5A4282EEC0D00CE2307 /* Resources */,
			);
			buildRules = (
			);
			dependencies = (
				228BC5A8282EEC0D00CE2307 /* PBXTargetDependency */,
			);
			name = WellTVUITests;
			productName = "Well TVUITests";
			productReference = 228BC5A6282EEC0D00CE2307 /* WellTVUITests.xctest */;
			productType = "com.apple.product-type.bundle.ui-testing";
		};
/* End PBXNativeTarget section */

/* Begin PBXProject section */
		228BC57E282EEC0900CE2307 /* Project object */ = {
			isa = PBXProject;
			attributes = {
				BuildIndependentTargetsInParallel = 1;
				LastSwiftUpdateCheck = 1330;
				LastUpgradeCheck = 1330;
				TargetAttributes = {
					228BC585282EEC0900CE2307 = {
						CreatedOnToolsVersion = 13.3.1;
					};
					228BC59B282EEC0D00CE2307 = {
						CreatedOnToolsVersion = 13.3.1;
						TestTargetID = 228BC585282EEC0900CE2307;
					};
					228BC5A5282EEC0D00CE2307 = {
						CreatedOnToolsVersion = 13.3.1;
						TestTargetID = 228BC585282EEC0900CE2307;
					};
				};
			};
			buildConfigurationList = 228BC581282EEC0900CE2307 /* Build configuration list for PBXProject "WellTV" */;
			compatibilityVersion = "Xcode 13.0";
			developmentRegion = en;
			hasScannedForEncodings = 0;
			knownRegions = (
				en,
				Base,
				"pt-BR",
			);
			mainGroup = 228BC57D282EEC0900CE2307;
			productRefGroup = 228BC587282EEC0900CE2307 /* Products */;
			projectDirPath = "";
			projectRoot = "";
			targets = (
				228BC585282EEC0900CE2307 /* WellTV */,
				228BC59B282EEC0D00CE2307 /* WellTVTests */,
				228BC5A5282EEC0D00CE2307 /* WellTVUITests */,
			);
		};
/* End PBXProject section */

/* Begin PBXResourcesBuildPhase section */
		228BC584282EEC0900CE2307 /* Resources */ = {
			isa = PBXResourcesBuildPhase;
			buildActionMask = 2147483647;
			files = (
				228BC65A282EF28900CE2307 /* LaunchScreen.storyboard in Resources */,
				228BC638282EECD800CE2307 /* Assets.xcassets in Resources */,
				228BC628282EECD800CE2307 /* MovieDetailsHeader.strings in Resources */,
				228BC626282EECD800CE2307 /* Default.strings in Resources */,
				228BC627282EECD800CE2307 /* MovieDetailsFooter.strings in Resources */,
			);
			runOnlyForDeploymentPostprocessing = 0;
		};
		228BC59A282EEC0D00CE2307 /* Resources */ = {
			isa = PBXResourcesBuildPhase;
			buildActionMask = 2147483647;
			files = (
			);
			runOnlyForDeploymentPostprocessing = 0;
		};
		228BC5A4282EEC0D00CE2307 /* Resources */ = {
			isa = PBXResourcesBuildPhase;
			buildActionMask = 2147483647;
			files = (
			);
			runOnlyForDeploymentPostprocessing = 0;
		};
/* End PBXResourcesBuildPhase section */

/* Begin PBXShellScriptBuildPhase section */
		3E8DD917B439D0FC7D146EC3 /* [CP] Check Pods Manifest.lock */ = {
			isa = PBXShellScriptBuildPhase;
			buildActionMask = 2147483647;
			files = (
			);
			inputFileListPaths = (
			);
			inputPaths = (
				"${PODS_PODFILE_DIR_PATH}/Podfile.lock",
				"${PODS_ROOT}/Manifest.lock",
			);
			name = "[CP] Check Pods Manifest.lock";
			outputFileListPaths = (
			);
			outputPaths = (
				"$(DERIVED_FILE_DIR)/Pods-WellTVTests-checkManifestLockResult.txt",
			);
			runOnlyForDeploymentPostprocessing = 0;
			shellPath = /bin/sh;
			shellScript = "diff \"${PODS_PODFILE_DIR_PATH}/Podfile.lock\" \"${PODS_ROOT}/Manifest.lock\" > /dev/null\nif [ $? != 0 ] ; then\n    # print error to STDERR\n    echo \"error: The sandbox is not in sync with the Podfile.lock. Run 'pod install' or update your CocoaPods installation.\" >&2\n    exit 1\nfi\n# This output is used by Xcode 'outputs' to avoid re-running this script phase.\necho \"SUCCESS\" > \"${SCRIPT_OUTPUT_FILE_0}\"\n";
			showEnvVarsInLog = 0;
		};
		5867F374C27D86A90C0798D5 /* [CP] Check Pods Manifest.lock */ = {
			isa = PBXShellScriptBuildPhase;
			buildActionMask = 2147483647;
			files = (
			);
			inputFileListPaths = (
			);
			inputPaths = (
				"${PODS_PODFILE_DIR_PATH}/Podfile.lock",
				"${PODS_ROOT}/Manifest.lock",
			);
			name = "[CP] Check Pods Manifest.lock";
			outputFileListPaths = (
			);
			outputPaths = (
				"$(DERIVED_FILE_DIR)/Pods-WellTV-checkManifestLockResult.txt",
			);
			runOnlyForDeploymentPostprocessing = 0;
			shellPath = /bin/sh;
			shellScript = "diff \"${PODS_PODFILE_DIR_PATH}/Podfile.lock\" \"${PODS_ROOT}/Manifest.lock\" > /dev/null\nif [ $? != 0 ] ; then\n    # print error to STDERR\n    echo \"error: The sandbox is not in sync with the Podfile.lock. Run 'pod install' or update your CocoaPods installation.\" >&2\n    exit 1\nfi\n# This output is used by Xcode 'outputs' to avoid re-running this script phase.\necho \"SUCCESS\" > \"${SCRIPT_OUTPUT_FILE_0}\"\n";
			showEnvVarsInLog = 0;
		};
		E14802F71F77F4B971371D8D /* [CP] Embed Pods Frameworks */ = {
			isa = PBXShellScriptBuildPhase;
			buildActionMask = 2147483647;
			files = (
			);
			inputFileListPaths = (
				"${PODS_ROOT}/Target Support Files/Pods-WellTV/Pods-WellTV-frameworks-${CONFIGURATION}-input-files.xcfilelist",
			);
			name = "[CP] Embed Pods Frameworks";
			outputFileListPaths = (
				"${PODS_ROOT}/Target Support Files/Pods-WellTV/Pods-WellTV-frameworks-${CONFIGURATION}-output-files.xcfilelist",
			);
			runOnlyForDeploymentPostprocessing = 0;
			shellPath = /bin/sh;
			shellScript = "\"${PODS_ROOT}/Target Support Files/Pods-WellTV/Pods-WellTV-frameworks.sh\"\n";
			showEnvVarsInLog = 0;
		};
		F2A6277D44A5CDEA29AA8D5A /* [CP] Check Pods Manifest.lock */ = {
			isa = PBXShellScriptBuildPhase;
			buildActionMask = 2147483647;
			files = (
			);
			inputFileListPaths = (
			);
			inputPaths = (
				"${PODS_PODFILE_DIR_PATH}/Podfile.lock",
				"${PODS_ROOT}/Manifest.lock",
			);
			name = "[CP] Check Pods Manifest.lock";
			outputFileListPaths = (
			);
			outputPaths = (
				"$(DERIVED_FILE_DIR)/Pods-WellTVUITests-checkManifestLockResult.txt",
			);
			runOnlyForDeploymentPostprocessing = 0;
			shellPath = /bin/sh;
			shellScript = "diff \"${PODS_PODFILE_DIR_PATH}/Podfile.lock\" \"${PODS_ROOT}/Manifest.lock\" > /dev/null\nif [ $? != 0 ] ; then\n    # print error to STDERR\n    echo \"error: The sandbox is not in sync with the Podfile.lock. Run 'pod install' or update your CocoaPods installation.\" >&2\n    exit 1\nfi\n# This output is used by Xcode 'outputs' to avoid re-running this script phase.\necho \"SUCCESS\" > \"${SCRIPT_OUTPUT_FILE_0}\"\n";
			showEnvVarsInLog = 0;
		};
/* End PBXShellScriptBuildPhase section */

/* Begin PBXSourcesBuildPhase section */
		228BC582282EEC0900CE2307 /* Sources */ = {
			isa = PBXSourcesBuildPhase;
			buildActionMask = 2147483647;
			files = (
				226C380B28329D20006C6595 /* Model.swift in Sources */,
				228BC623282EECD800CE2307 /* ReusableView.swift in Sources */,
				228BC63D282EECD800CE2307 /* APIHost.swift in Sources */,
				228BC633282EECD800CE2307 /* Images.swift in Sources */,
				228BC630282EECD800CE2307 /* UITableView+Reusable.swift in Sources */,
				228BC659282EECD800CE2307 /* CoordinatorProtocol.swift in Sources */,
				228BC58E282EEC0900CE2307 /* ViewController.swift in Sources */,
				226C38122832A5AE006C6595 /* Repository.swift in Sources */,
				228BC58A282EEC0900CE2307 /* AppDelegate.swift in Sources */,
				226C380D28329D5C006C6595 /* Model.Show.swift in Sources */,
				226C38042832901A006C6595 /* Show.List.ViewModel.swift in Sources */,
				226C3808283290BD006C6595 /* Scene.Show.swift in Sources */,
				226C380028328E30006C6595 /* Show.List.View.swift in Sources */,
				226C380628329088006C6595 /* Scene.swift in Sources */,
				228BC631282EECD800CE2307 /* UIImageView+URL.swift in Sources */,
				228BC634282EECD800CE2307 /* Colors.swift in Sources */,
				228BC63B282EECD800CE2307 /* APIProvider.swift in Sources */,
				226C37F62832868C006C6595 /* Coordinator.Show.swift in Sources */,
				226C38172832A655006C6595 /* Worker.Show.swift in Sources */,
				226C380228329013006C6595 /* Show.List.ViewController.swift in Sources */,
				228BC624282EECD800CE2307 /* Button.swift in Sources */,
				228BC58C282EEC0900CE2307 /* SceneDelegate.swift in Sources */,
				228BC62E282EECD800CE2307 /* String+Date.swift in Sources */,
				22C6481A2832AC860099BA83 /* Show.List.View.Cell.swift in Sources */,
				228BC621282EECD800CE2307 /* LoadingView.swift in Sources */,
				228BC620282EECD800CE2307 /* Loadable.swift in Sources */,
				228BC629282EECD800CE2307 /* String+Localizable.swift in Sources */,
				226C37F4283283ED006C6595 /* Repository.Show.swift in Sources */,
				226C37FD28328D5A006C6595 /* CodeView.swift in Sources */,
				228BC62D282EECD800CE2307 /* MoyaResponse+Map.swift in Sources */,
				226C38152832A618006C6595 /* Worker.swift in Sources */,
				228BC63C282EECD800CE2307 /* APITarget.swift in Sources */,
				228BC657282EECD800CE2307 /* Coordinator.App.swift in Sources */,
			);
			runOnlyForDeploymentPostprocessing = 0;
		};
		228BC598282EEC0D00CE2307 /* Sources */ = {
			isa = PBXSourcesBuildPhase;
			buildActionMask = 2147483647;
			files = (
				228BC5A1282EEC0D00CE2307 /* WellTVTests.swift in Sources */,
			);
			runOnlyForDeploymentPostprocessing = 0;
		};
		228BC5A2282EEC0D00CE2307 /* Sources */ = {
			isa = PBXSourcesBuildPhase;
			buildActionMask = 2147483647;
			files = (
				228BC5AD282EEC0D00CE2307 /* WellTVUITestsLaunchTests.swift in Sources */,
				228BC5AB282EEC0D00CE2307 /* WellTVUITests.swift in Sources */,
			);
			runOnlyForDeploymentPostprocessing = 0;
		};
/* End PBXSourcesBuildPhase section */

/* Begin PBXTargetDependency section */
		228BC59E282EEC0D00CE2307 /* PBXTargetDependency */ = {
			isa = PBXTargetDependency;
			target = 228BC585282EEC0900CE2307 /* WellTV */;
			targetProxy = 228BC59D282EEC0D00CE2307 /* PBXContainerItemProxy */;
		};
		228BC5A8282EEC0D00CE2307 /* PBXTargetDependency */ = {
			isa = PBXTargetDependency;
			target = 228BC585282EEC0900CE2307 /* WellTV */;
			targetProxy = 228BC5A7282EEC0D00CE2307 /* PBXContainerItemProxy */;
		};
/* End PBXTargetDependency section */

/* Begin PBXVariantGroup section */
		228BC5C9282EECD800CE2307 /* Default.strings */ = {
			isa = PBXVariantGroup;
			children = (
				228BC5CA282EECD800CE2307 /* en */,
				228BC5D3282EECD800CE2307 /* pt-BR */,
			);
			name = Default.strings;
			sourceTree = "<group>";
		};
		228BC5CC282EECD800CE2307 /* MovieDetailsFooter.strings */ = {
			isa = PBXVariantGroup;
			children = (
				228BC5CD282EECD800CE2307 /* en */,
				228BC5D0282EECD800CE2307 /* pt-BR */,
			);
			name = MovieDetailsFooter.strings;
			sourceTree = "<group>";
		};
		228BC5CE282EECD800CE2307 /* MovieDetailsHeader.strings */ = {
			isa = PBXVariantGroup;
			children = (
				228BC5CF282EECD800CE2307 /* en */,
				228BC5D1282EECD800CE2307 /* pt-BR */,
			);
			name = MovieDetailsHeader.strings;
			sourceTree = "<group>";
		};
		228BC5E9282EECD800CE2307 /* LaunchScreen.storyboard */ = {
			isa = PBXVariantGroup;
			children = (
				228BC5EA282EECD800CE2307 /* Base */,
			);
			name = LaunchScreen.storyboard;
			sourceTree = "<group>";
		};
/* End PBXVariantGroup section */

/* Begin XCBuildConfiguration section */
		228BC5AE282EEC0D00CE2307 /* Debug */ = {
			isa = XCBuildConfiguration;
			buildSettings = {
				ALWAYS_SEARCH_USER_PATHS = NO;
				CLANG_ANALYZER_NONNULL = YES;
				CLANG_ANALYZER_NUMBER_OBJECT_CONVERSION = YES_AGGRESSIVE;
				CLANG_CXX_LANGUAGE_STANDARD = "gnu++17";
				CLANG_ENABLE_MODULES = YES;
				CLANG_ENABLE_OBJC_ARC = YES;
				CLANG_ENABLE_OBJC_WEAK = YES;
				CLANG_WARN_BLOCK_CAPTURE_AUTORELEASING = YES;
				CLANG_WARN_BOOL_CONVERSION = YES;
				CLANG_WARN_COMMA = YES;
				CLANG_WARN_CONSTANT_CONVERSION = YES;
				CLANG_WARN_DEPRECATED_OBJC_IMPLEMENTATIONS = YES;
				CLANG_WARN_DIRECT_OBJC_ISA_USAGE = YES_ERROR;
				CLANG_WARN_DOCUMENTATION_COMMENTS = YES;
				CLANG_WARN_EMPTY_BODY = YES;
				CLANG_WARN_ENUM_CONVERSION = YES;
				CLANG_WARN_INFINITE_RECURSION = YES;
				CLANG_WARN_INT_CONVERSION = YES;
				CLANG_WARN_NON_LITERAL_NULL_CONVERSION = YES;
				CLANG_WARN_OBJC_IMPLICIT_RETAIN_SELF = YES;
				CLANG_WARN_OBJC_LITERAL_CONVERSION = YES;
				CLANG_WARN_OBJC_ROOT_CLASS = YES_ERROR;
				CLANG_WARN_QUOTED_INCLUDE_IN_FRAMEWORK_HEADER = YES;
				CLANG_WARN_RANGE_LOOP_ANALYSIS = YES;
				CLANG_WARN_STRICT_PROTOTYPES = YES;
				CLANG_WARN_SUSPICIOUS_MOVE = YES;
				CLANG_WARN_UNGUARDED_AVAILABILITY = YES_AGGRESSIVE;
				CLANG_WARN_UNREACHABLE_CODE = YES;
				CLANG_WARN__DUPLICATE_METHOD_MATCH = YES;
				COPY_PHASE_STRIP = NO;
				DEBUG_INFORMATION_FORMAT = dwarf;
				ENABLE_STRICT_OBJC_MSGSEND = YES;
				ENABLE_TESTABILITY = YES;
				GCC_C_LANGUAGE_STANDARD = gnu11;
				GCC_DYNAMIC_NO_PIC = NO;
				GCC_NO_COMMON_BLOCKS = YES;
				GCC_OPTIMIZATION_LEVEL = 0;
				GCC_PREPROCESSOR_DEFINITIONS = (
					"DEBUG=1",
					"$(inherited)",
				);
				GCC_WARN_64_TO_32_BIT_CONVERSION = YES;
				GCC_WARN_ABOUT_RETURN_TYPE = YES_ERROR;
				GCC_WARN_UNDECLARED_SELECTOR = YES;
				GCC_WARN_UNINITIALIZED_AUTOS = YES_AGGRESSIVE;
				GCC_WARN_UNUSED_FUNCTION = YES;
				GCC_WARN_UNUSED_VARIABLE = YES;
				IPHONEOS_DEPLOYMENT_TARGET = 13.0;
				MTL_ENABLE_DEBUG_INFO = INCLUDE_SOURCE;
				MTL_FAST_MATH = YES;
				ONLY_ACTIVE_ARCH = YES;
				SDKROOT = iphoneos;
				SWIFT_ACTIVE_COMPILATION_CONDITIONS = DEBUG;
				SWIFT_OPTIMIZATION_LEVEL = "-Onone";
			};
			name = Debug;
		};
		228BC5AF282EEC0D00CE2307 /* Release */ = {
			isa = XCBuildConfiguration;
			buildSettings = {
				ALWAYS_SEARCH_USER_PATHS = NO;
				CLANG_ANALYZER_NONNULL = YES;
				CLANG_ANALYZER_NUMBER_OBJECT_CONVERSION = YES_AGGRESSIVE;
				CLANG_CXX_LANGUAGE_STANDARD = "gnu++17";
				CLANG_ENABLE_MODULES = YES;
				CLANG_ENABLE_OBJC_ARC = YES;
				CLANG_ENABLE_OBJC_WEAK = YES;
				CLANG_WARN_BLOCK_CAPTURE_AUTORELEASING = YES;
				CLANG_WARN_BOOL_CONVERSION = YES;
				CLANG_WARN_COMMA = YES;
				CLANG_WARN_CONSTANT_CONVERSION = YES;
				CLANG_WARN_DEPRECATED_OBJC_IMPLEMENTATIONS = YES;
				CLANG_WARN_DIRECT_OBJC_ISA_USAGE = YES_ERROR;
				CLANG_WARN_DOCUMENTATION_COMMENTS = YES;
				CLANG_WARN_EMPTY_BODY = YES;
				CLANG_WARN_ENUM_CONVERSION = YES;
				CLANG_WARN_INFINITE_RECURSION = YES;
				CLANG_WARN_INT_CONVERSION = YES;
				CLANG_WARN_NON_LITERAL_NULL_CONVERSION = YES;
				CLANG_WARN_OBJC_IMPLICIT_RETAIN_SELF = YES;
				CLANG_WARN_OBJC_LITERAL_CONVERSION = YES;
				CLANG_WARN_OBJC_ROOT_CLASS = YES_ERROR;
				CLANG_WARN_QUOTED_INCLUDE_IN_FRAMEWORK_HEADER = YES;
				CLANG_WARN_RANGE_LOOP_ANALYSIS = YES;
				CLANG_WARN_STRICT_PROTOTYPES = YES;
				CLANG_WARN_SUSPICIOUS_MOVE = YES;
				CLANG_WARN_UNGUARDED_AVAILABILITY = YES_AGGRESSIVE;
				CLANG_WARN_UNREACHABLE_CODE = YES;
				CLANG_WARN__DUPLICATE_METHOD_MATCH = YES;
				COPY_PHASE_STRIP = NO;
				DEBUG_INFORMATION_FORMAT = "dwarf-with-dsym";
				ENABLE_NS_ASSERTIONS = NO;
				ENABLE_STRICT_OBJC_MSGSEND = YES;
				GCC_C_LANGUAGE_STANDARD = gnu11;
				GCC_NO_COMMON_BLOCKS = YES;
				GCC_WARN_64_TO_32_BIT_CONVERSION = YES;
				GCC_WARN_ABOUT_RETURN_TYPE = YES_ERROR;
				GCC_WARN_UNDECLARED_SELECTOR = YES;
				GCC_WARN_UNINITIALIZED_AUTOS = YES_AGGRESSIVE;
				GCC_WARN_UNUSED_FUNCTION = YES;
				GCC_WARN_UNUSED_VARIABLE = YES;
				IPHONEOS_DEPLOYMENT_TARGET = 13.0;
				MTL_ENABLE_DEBUG_INFO = NO;
				MTL_FAST_MATH = YES;
				SDKROOT = iphoneos;
				SWIFT_COMPILATION_MODE = wholemodule;
				SWIFT_OPTIMIZATION_LEVEL = "-O";
				VALIDATE_PRODUCT = YES;
			};
			name = Release;
		};
		228BC5B1282EEC0D00CE2307 /* Debug */ = {
			isa = XCBuildConfiguration;
			baseConfigurationReference = 3DC86E8244CD85FA5A7E00DB /* Pods-WellTV.debug.xcconfig */;
			buildSettings = {
				ASSETCATALOG_COMPILER_APPICON_NAME = AppIcon;
				ASSETCATALOG_COMPILER_GLOBAL_ACCENT_COLOR_NAME = AccentColor;
				CODE_SIGN_STYLE = Automatic;
				CURRENT_PROJECT_VERSION = 1;
				DEVELOPMENT_TEAM = 4T9982ARBA;
				GENERATE_INFOPLIST_FILE = YES;
				INFOPLIST_FILE = "WellTV/Support Files/Info.plist";
				INFOPLIST_KEY_UIApplicationSupportsIndirectInputEvents = YES;
				INFOPLIST_KEY_UILaunchStoryboardName = LaunchScreen;
				INFOPLIST_KEY_UIMainStoryboardFile = "";
				INFOPLIST_KEY_UISupportedInterfaceOrientations_iPad = "UIInterfaceOrientationPortrait UIInterfaceOrientationPortraitUpsideDown UIInterfaceOrientationLandscapeLeft UIInterfaceOrientationLandscapeRight";
				INFOPLIST_KEY_UISupportedInterfaceOrientations_iPhone = "UIInterfaceOrientationPortrait UIInterfaceOrientationLandscapeLeft UIInterfaceOrientationLandscapeRight";
				LD_RUNPATH_SEARCH_PATHS = (
					"$(inherited)",
					"@executable_path/Frameworks",
				);
				MARKETING_VERSION = 1.0;
				PRODUCT_BUNDLE_IDENTIFIER = com.wnhirsch.welltv;
				PRODUCT_NAME = "$(TARGET_NAME)";
				SWIFT_EMIT_LOC_STRINGS = YES;
				SWIFT_VERSION = 5.0;
				TARGETED_DEVICE_FAMILY = "1,2";
			};
			name = Debug;
		};
		228BC5B2282EEC0D00CE2307 /* Release */ = {
			isa = XCBuildConfiguration;
			baseConfigurationReference = A251D985E11370EA7F9A0F7C /* Pods-WellTV.release.xcconfig */;
			buildSettings = {
				ASSETCATALOG_COMPILER_APPICON_NAME = AppIcon;
				ASSETCATALOG_COMPILER_GLOBAL_ACCENT_COLOR_NAME = AccentColor;
				CODE_SIGN_STYLE = Automatic;
				CURRENT_PROJECT_VERSION = 1;
				DEVELOPMENT_TEAM = 4T9982ARBA;
				GENERATE_INFOPLIST_FILE = YES;
				INFOPLIST_FILE = "WellTV/Support Files/Info.plist";
				INFOPLIST_KEY_UIApplicationSupportsIndirectInputEvents = YES;
				INFOPLIST_KEY_UILaunchStoryboardName = LaunchScreen;
				INFOPLIST_KEY_UIMainStoryboardFile = "";
				INFOPLIST_KEY_UISupportedInterfaceOrientations_iPad = "UIInterfaceOrientationPortrait UIInterfaceOrientationPortraitUpsideDown UIInterfaceOrientationLandscapeLeft UIInterfaceOrientationLandscapeRight";
				INFOPLIST_KEY_UISupportedInterfaceOrientations_iPhone = "UIInterfaceOrientationPortrait UIInterfaceOrientationLandscapeLeft UIInterfaceOrientationLandscapeRight";
				LD_RUNPATH_SEARCH_PATHS = (
					"$(inherited)",
					"@executable_path/Frameworks",
				);
				MARKETING_VERSION = 1.0;
				PRODUCT_BUNDLE_IDENTIFIER = com.wnhirsch.welltv;
				PRODUCT_NAME = "$(TARGET_NAME)";
				SWIFT_EMIT_LOC_STRINGS = YES;
				SWIFT_VERSION = 5.0;
				TARGETED_DEVICE_FAMILY = "1,2";
			};
			name = Release;
		};
		228BC5B4282EEC0D00CE2307 /* Debug */ = {
			isa = XCBuildConfiguration;
			baseConfigurationReference = B7FD3F1F64A014019DFFAAA0 /* Pods-WellTVTests.debug.xcconfig */;
			buildSettings = {
				ALWAYS_EMBED_SWIFT_STANDARD_LIBRARIES = YES;
				BUNDLE_LOADER = "$(TEST_HOST)";
				CODE_SIGN_STYLE = Automatic;
				CURRENT_PROJECT_VERSION = 1;
				DEVELOPMENT_TEAM = 4T9982ARBA;
				GENERATE_INFOPLIST_FILE = YES;
				IPHONEOS_DEPLOYMENT_TARGET = 15.4;
				MARKETING_VERSION = 1.0;
				PRODUCT_BUNDLE_IDENTIFIER = "com.wnhirsch.Well-TVTests";
				PRODUCT_NAME = "$(TARGET_NAME)";
				SWIFT_EMIT_LOC_STRINGS = NO;
				SWIFT_VERSION = 5.0;
				TARGETED_DEVICE_FAMILY = "1,2";
				TEST_HOST = "$(BUILT_PRODUCTS_DIR)/WellTV.app/WellTV";
			};
			name = Debug;
		};
		228BC5B5282EEC0D00CE2307 /* Release */ = {
			isa = XCBuildConfiguration;
			baseConfigurationReference = E6E528BC4FC9BD7168C06D0E /* Pods-WellTVTests.release.xcconfig */;
			buildSettings = {
				ALWAYS_EMBED_SWIFT_STANDARD_LIBRARIES = YES;
				BUNDLE_LOADER = "$(TEST_HOST)";
				CODE_SIGN_STYLE = Automatic;
				CURRENT_PROJECT_VERSION = 1;
				DEVELOPMENT_TEAM = 4T9982ARBA;
				GENERATE_INFOPLIST_FILE = YES;
				IPHONEOS_DEPLOYMENT_TARGET = 15.4;
				MARKETING_VERSION = 1.0;
				PRODUCT_BUNDLE_IDENTIFIER = "com.wnhirsch.Well-TVTests";
				PRODUCT_NAME = "$(TARGET_NAME)";
				SWIFT_EMIT_LOC_STRINGS = NO;
				SWIFT_VERSION = 5.0;
				TARGETED_DEVICE_FAMILY = "1,2";
				TEST_HOST = "$(BUILT_PRODUCTS_DIR)/WellTV.app/WellTV";
			};
			name = Release;
		};
		228BC5B7282EEC0D00CE2307 /* Debug */ = {
			isa = XCBuildConfiguration;
			baseConfigurationReference = 15A92B548A715529932C831F /* Pods-WellTVUITests.debug.xcconfig */;
			buildSettings = {
				ALWAYS_EMBED_SWIFT_STANDARD_LIBRARIES = YES;
				CODE_SIGN_STYLE = Automatic;
				CURRENT_PROJECT_VERSION = 1;
				DEVELOPMENT_TEAM = 4T9982ARBA;
				GENERATE_INFOPLIST_FILE = YES;
				MARKETING_VERSION = 1.0;
				PRODUCT_BUNDLE_IDENTIFIER = "com.wnhirsch.Well-TVUITests";
				PRODUCT_NAME = "$(TARGET_NAME)";
				SWIFT_EMIT_LOC_STRINGS = NO;
				SWIFT_VERSION = 5.0;
				TARGETED_DEVICE_FAMILY = "1,2";
				TEST_TARGET_NAME = "Well TV";
			};
			name = Debug;
		};
		228BC5B8282EEC0D00CE2307 /* Release */ = {
			isa = XCBuildConfiguration;
			baseConfigurationReference = 067629CCC0D69F8C4BDF1E90 /* Pods-WellTVUITests.release.xcconfig */;
			buildSettings = {
				ALWAYS_EMBED_SWIFT_STANDARD_LIBRARIES = YES;
				CODE_SIGN_STYLE = Automatic;
				CURRENT_PROJECT_VERSION = 1;
				DEVELOPMENT_TEAM = 4T9982ARBA;
				GENERATE_INFOPLIST_FILE = YES;
				MARKETING_VERSION = 1.0;
				PRODUCT_BUNDLE_IDENTIFIER = "com.wnhirsch.Well-TVUITests";
				PRODUCT_NAME = "$(TARGET_NAME)";
				SWIFT_EMIT_LOC_STRINGS = NO;
				SWIFT_VERSION = 5.0;
				TARGETED_DEVICE_FAMILY = "1,2";
				TEST_TARGET_NAME = "Well TV";
			};
			name = Release;
		};
/* End XCBuildConfiguration section */

/* Begin XCConfigurationList section */
		228BC581282EEC0900CE2307 /* Build configuration list for PBXProject "WellTV" */ = {
			isa = XCConfigurationList;
			buildConfigurations = (
				228BC5AE282EEC0D00CE2307 /* Debug */,
				228BC5AF282EEC0D00CE2307 /* Release */,
			);
			defaultConfigurationIsVisible = 0;
			defaultConfigurationName = Release;
		};
		228BC5B0282EEC0D00CE2307 /* Build configuration list for PBXNativeTarget "WellTV" */ = {
			isa = XCConfigurationList;
			buildConfigurations = (
				228BC5B1282EEC0D00CE2307 /* Debug */,
				228BC5B2282EEC0D00CE2307 /* Release */,
			);
			defaultConfigurationIsVisible = 0;
			defaultConfigurationName = Release;
		};
		228BC5B3282EEC0D00CE2307 /* Build configuration list for PBXNativeTarget "WellTVTests" */ = {
			isa = XCConfigurationList;
			buildConfigurations = (
				228BC5B4282EEC0D00CE2307 /* Debug */,
				228BC5B5282EEC0D00CE2307 /* Release */,
			);
			defaultConfigurationIsVisible = 0;
			defaultConfigurationName = Release;
		};
		228BC5B6282EEC0D00CE2307 /* Build configuration list for PBXNativeTarget "WellTVUITests" */ = {
			isa = XCConfigurationList;
			buildConfigurations = (
				228BC5B7282EEC0D00CE2307 /* Debug */,
				228BC5B8282EEC0D00CE2307 /* Release */,
			);
			defaultConfigurationIsVisible = 0;
			defaultConfigurationName = Release;
		};
/* End XCConfigurationList section */
	};
	rootObject = 228BC57E282EEC0900CE2307 /* Project object */;
}
